
Microsoft Visual Studio Solution File, Format Version 12.00
# Visual Studio Version 17
VisualStudioVersion = 17.10.0.0
MinimumVisualStudioVersion = 10.0.40219.1
Project("{2150E333-8FDC-42A3-9474-1A3956D46DE8}") = "src", "src", "{B0000001-0000-0000-0000-000000000001}"
EndProject
Project("{9A19103F-16F7-4668-BE54-9A1E7A4F7556}") = "Karamchari.Api", "Karamchari.Api\Karamchari.Api.csproj", "{A1000001-0000-0000-0000-000000000001}"
EndProject
Project("{9A19103F-16F7-4668-BE54-9A1E7A4F7556}") = "Karamchari.Core", "Karamchari.Core\Karamchari.Core.csproj", "{A1000002-0000-0000-0000-000000000002}"
EndProject
Project("{9A19103F-16F7-4668-BE54-9A1E7A4F7556}") = "Karamchari.HR", "Karamchari.HR\Karamchari.HR.csproj", "{A1000003-0000-0000-0000-000000000003}"
EndProject
Project("{9A19103F-16F7-4668-BE54-9A1E7A4F7556}") = "Karamchari.Payroll", "Karamchari.Payroll\Karamchari.Payroll.csproj", "{A1000004-0000-0000-0000-000000000004}"
EndProject
Project("{9A19103F-16F7-4668-BE54-9A1E7A4F7556}") = "Karamchari.Core.UnitTests", "..\..\tests\Backend\Karamchari.Core.UnitTests\Karamchari.Core.UnitTests.csproj", "{A1000005-0000-0000-0000-000000000005}"
EndProject
Project("{9A19103F-16F7-4668-BE54-9A1E7A4F7556}") = "Karamchari.Core.IntegrationTests", "..\..\tests\Backend\Karamchari.Core.IntegrationTests\Karamchari.Core.IntegrationTests.csproj", "{A1000006-0000-0000-0000-000000000006}"
EndProject
Project("{9A19103F-16F7-4668-BE54-9A1E7A4F7556}") = "Karamchari.Core.Contracts", "Karamchari.Core.Contracts\Karamchari.Core.Contracts.csproj", "{A1000007-0000-0000-0000-000000000007}"
EndProject
Project("{FAE04EC0-301F-11D3-BF4B-00C04F79EFBC}") = "Karamchari.TimeAttendance", "Karamchari.TimeAttendance\Karamchari.TimeAttendance.csproj", "{10B1710C-4E46-44AE-AF5B-38590F8B2E59}"
EndProject
Project("{9A19103F-16F7-4668-BE54-9A1E7A4F7556}") = "Karamchari.PSA", "Karamchari.PSA\Karamchari.PSA.csproj", "{A1000008-0000-0000-0000-000000000008}"
EndProject
Project("{9A19103F-16F7-4668-BE54-9A1E7A4F7556}") = "Karamchari.TimeAttendance.Tests", "Karamchari.TimeAttendance.Tests\Karamchari.TimeAttendance.Tests.csproj", "{10B1710D-4E46-44AE-AF5B-38590F8B2E5D}"
EndProject
Project("{9A19103F-16F7-4668-BE54-9A1E7A4F7556}") = "Karamchari.PSA.Tests", "Karamchari.PSA.Tests\Karamchari.PSA.Tests.csproj", "{A1000009-0000-0000-0000-000000000009}"
EndProject
Project("{9A19103F-16F7-4668-BE54-9A1E7A4F7556}") = "Karamchari.Billing.Contracts", "Karamchari.Billing.Contracts\Karamchari.Billing.Contracts.csproj", "{A100000A-0000-0000-0000-00000000000A}"
EndProject
Project("{9A19103F-16F7-4668-BE54-9A1E7A4F7556}") = "Karamchari.Workflow", "Karamchari.Workflow\Karamchari.Workflow.csproj", "{A100000B-0000-0000-0000-00000000000B}"
EndProject
Project("{9A19103F-16F7-4668-BE54-9A1E7A4F7556}") = "Karamchari.Payroll.Tests", "Karamchari.Payroll.Tests\Karamchari.Payroll.Tests.csproj", "{A100000C-0000-0000-0000-00000000000C}"
EndProject
Project("{9A19103F-16F7-4668-BE54-9A1E7A4F7556}") = "Karamchari.TimeAttendance.Contracts", "Karamchari.TimeAttendance.Contracts\Karamchari.TimeAttendance.Contracts.csproj", "{A100000D-0000-0000-0000-00000000000D}"
EndProject
Project("{9A19103F-16F7-4668-BE54-9A1E7A4F7556}") = "Karamchari.Billing", "Karamchari.Billing\Karamchari.Billing.csproj", "{A100000E-0000-0000-0000-00000000000E}"
EndProject
Project("{9A19103F-16F7-4668-BE54-9A1E7A4F7556}") = "Karamchari.Forecasting", "Karamchari.Forecasting\Karamchari.Forecasting.csproj", "{A100000F-0000-0000-0000-00000000000F}"
EndProject
Project("{9A19103F-16F7-4668-BE54-9A1E7A4F7556}") = "Karamchari.Performance.Contracts", "Karamchari.Performance.Contracts\Karamchari.Performance.Contracts.csproj", "{A1000010-0000-0000-0000-000000000010}"
EndProject
Project("{9A19103F-16F7-4668-BE54-9A1E7A4F7556}") = "Karamchari.Compensation.Contracts", "Karamchari.Compensation.Contracts\Karamchari.Compensation.Contracts.csproj", "{A1000011-0000-0000-0000-000000000011}"
EndProject
Project("{9A19103F-16F7-4668-BE54-9A1E7A4F7556}") = "Karamchari.Performance", "Karamchari.Performance\Karamchari.Performance.csproj", "{A1000012-0000-0000-0000-000000000012}"
EndProject
Global
	GlobalSection(SolutionConfigurationPlatforms) = preSolution
		Debug|Any CPU = Debug|Any CPU
		Debug|x64 = Debug|x64
		Debug|x86 = Debug|x86
		Release|Any CPU = Release|Any CPU
		Release|x64 = Release|x64
		Release|x86 = Release|x86
	EndGlobalSection
	GlobalSection(ProjectConfigurationPlatforms) = postSolution
		{A1000001-0000-0000-0000-000000000001}.Debug|Any CPU.ActiveCfg = Debug|Any CPU
		{A1000001-0000-0000-0000-000000000001}.Debug|Any CPU.Build.0 = Debug|Any CPU
		{A1000001-0000-0000-0000-000000000001}.Debug|x64.ActiveCfg = Debug|Any CPU
		{A1000001-0000-0000-0000-000000000001}.Debug|x64.Build.0 = Debug|Any CPU
		{A1000001-0000-0000-0000-000000000001}.Debug|x86.ActiveCfg = Debug|Any CPU
		{A1000001-0000-0000-0000-000000000001}.Debug|x86.Build.0 = Debug|Any CPU
		{A1000001-0000-0000-0000-000000000001}.Release|Any CPU.ActiveCfg = Release|Any CPU
		{A1000001-0000-0000-0000-000000000001}.Release|Any CPU.Build.0 = Release|Any CPU
		{A1000001-0000-0000-0000-000000000001}.Release|x64.ActiveCfg = Release|Any CPU
		{A1000001-0000-0000-0000-000000000001}.Release|x64.Build.0 = Release|Any CPU
		{A1000001-0000-0000-0000-000000000001}.Release|x86.ActiveCfg = Release|Any CPU
		{A1000001-0000-0000-0000-000000000001}.Release|x86.Build.0 = Release|Any CPU
		{A1000002-0000-0000-0000-000000000002}.Debug|Any CPU.ActiveCfg = Debug|Any CPU
		{A1000002-0000-0000-0000-000000000002}.Debug|Any CPU.Build.0 = Debug|Any CPU
		{A1000002-0000-0000-0000-000000000002}.Debug|x64.ActiveCfg = Debug|Any CPU
		{A1000002-0000-0000-0000-000000000002}.Debug|x64.Build.0 = Debug|Any CPU
		{A1000002-0000-0000-0000-000000000002}.Debug|x86.ActiveCfg = Debug|Any CPU
		{A1000002-0000-0000-0000-000000000002}.Debug|x86.Build.0 = Debug|Any CPU
		{A1000002-0000-0000-0000-000000000002}.Release|Any CPU.ActiveCfg = Release|Any CPU
		{A1000002-0000-0000-0000-000000000002}.Release|Any CPU.Build.0 = Release|Any CPU
		{A1000002-0000-0000-0000-000000000002}.Release|x64.ActiveCfg = Release|Any CPU
		{A1000002-0000-0000-0000-000000000002}.Release|x64.Build.0 = Release|Any CPU
		{A1000002-0000-0000-0000-000000000002}.Release|x86.ActiveCfg = Release|Any CPU
		{A1000002-0000-0000-0000-000000000002}.Release|x86.Build.0 = Release|Any CPU
		{A1000003-0000-0000-0000-000000000003}.Debug|Any CPU.ActiveCfg = Debug|Any CPU
		{A1000003-0000-0000-0000-000000000003}.Debug|Any CPU.Build.0 = Debug|Any CPU
		{A1000003-0000-0000-0000-000000000003}.Debug|x64.ActiveCfg = Debug|Any CPU
		{A1000003-0000-0000-0000-000000000003}.Debug|x64.Build.0 = Debug|Any CPU
		{A1000003-0000-0000-0000-000000000003}.Debug|x86.ActiveCfg = Debug|Any CPU
		{A1000003-0000-0000-0000-000000000003}.Debug|x86.Build.0 = Debug|Any CPU
		{A1000003-0000-0000-0000-000000000003}.Release|Any CPU.ActiveCfg = Release|Any CPU
		{A1000003-0000-0000-0000-000000000003}.Release|Any CPU.Build.0 = Release|Any CPU
		{A1000003-0000-0000-0000-000000000003}.Release|x64.ActiveCfg = Release|Any CPU
		{A1000003-0000-0000-0000-000000000003}.Release|x64.Build.0 = Release|Any CPU
		{A1000003-0000-0000-0000-000000000003}.Release|x86.ActiveCfg = Release|Any CPU
		{A1000003-0000-0000-0000-000000000003}.Release|x86.Build.0 = Release|Any CPU
		{A1000004-0000-0000-0000-000000000004}.Debug|Any CPU.ActiveCfg = Debug|Any CPU
		{A1000004-0000-0000-0000-000000000004}.Debug|Any CPU.Build.0 = Debug|Any CPU
		{A1000004-0000-0000-0000-000000000004}.Debug|x64.ActiveCfg = Debug|Any CPU
		{A1000004-0000-0000-0000-000000000004}.Debug|x64.Build.0 = Debug|Any CPU
		{A1000004-0000-0000-0000-000000000004}.Debug|x86.ActiveCfg = Debug|Any CPU
		{A1000004-0000-0000-0000-000000000004}.Debug|x86.Build.0 = Debug|Any CPU
		{A1000004-0000-0000-0000-000000000004}.Release|Any CPU.ActiveCfg = Release|Any CPU
		{A1000004-0000-0000-0000-000000000004}.Release|Any CPU.Build.0 = Release|Any CPU
		{A1000004-0000-0000-0000-000000000004}.Release|x64.ActiveCfg = Release|Any CPU
		{A1000004-0000-0000-0000-000000000004}.Release|x64.Build.0 = Release|Any CPU
		{A1000004-0000-0000-0000-000000000004}.Release|x86.ActiveCfg = Release|Any CPU
		{A1000004-0000-0000-0000-000000000004}.Release|x86.Build.0 = Release|Any CPU
		{A1000005-0000-0000-0000-000000000005}.Debug|Any CPU.ActiveCfg = Debug|Any CPU
		{A1000005-0000-0000-0000-000000000005}.Debug|Any CPU.Build.0 = Debug|Any CPU
		{A1000005-0000-0000-0000-000000000005}.Debug|x64.ActiveCfg = Debug|Any CPU
		{A1000005-0000-0000-0000-000000000005}.Debug|x64.Build.0 = Debug|Any CPU
		{A1000005-0000-0000-0000-000000000005}.Debug|x86.ActiveCfg = Debug|Any CPU
		{A1000005-0000-0000-0000-000000000005}.Debug|x86.Build.0 = Debug|Any CPU
		{A1000005-0000-0000-0000-000000000005}.Release|Any CPU.ActiveCfg = Release|Any CPU
		{A1000005-0000-0000-0000-000000000005}.Release|Any CPU.Build.0 = Release|Any CPU
		{A1000005-0000-0000-0000-000000000005}.Release|x64.ActiveCfg = Release|Any CPU
		{A1000005-0000-0000-0000-000000000005}.Release|x64.Build.0 = Release|Any CPU
		{A1000005-0000-0000-0000-000000000005}.Release|x86.ActiveCfg = Release|Any CPU
		{A1000005-0000-0000-0000-000000000005}.Release|x86.Build.0 = Release|Any CPU
		{A1000006-0000-0000-0000-000000000006}.Debug|Any CPU.ActiveCfg = Debug|Any CPU
		{A1000006-0000-0000-0000-000000000006}.Debug|Any CPU.Build.0 = Debug|Any CPU
		{A1000006-0000-0000-0000-000000000006}.Debug|x64.ActiveCfg = Debug|Any CPU
		{A1000006-0000-0000-0000-000000000006}.Debug|x64.Build.0 = Debug|Any CPU
		{A1000006-0000-0000-0000-000000000006}.Debug|x86.ActiveCfg = Debug|Any CPU
		{A1000006-0000-0000-0000-000000000006}.Debug|x86.Build.0 = Debug|Any CPU
		{A1000006-0000-0000-0000-000000000006}.Release|Any CPU.ActiveCfg = Release|Any CPU
		{A1000006-0000-0000-0000-000000000006}.Release|Any CPU.Build.0 = Release|Any CPU
		{A1000006-0000-0000-0000-000000000006}.Release|x64.ActiveCfg = Release|Any CPU
		{A1000006-0000-0000-0000-000000000006}.Release|x64.Build.0 = Release|Any CPU
		{A1000006-0000-0000-0000-000000000006}.Release|x86.ActiveCfg = Release|Any CPU
		{A1000006-0000-0000-0000-000000000006}.Release|x86.Build.0 = Release|Any CPU
		{A1000007-0000-0000-0000-000000000007}.Debug|Any CPU.ActiveCfg = Debug|Any CPU
		{A1000007-0000-0000-0000-000000000007}.Debug|Any CPU.Build.0 = Debug|Any CPU
		{A1000007-0000-0000-0000-000000000007}.Debug|x64.ActiveCfg = Debug|Any CPU
		{A1000007-0000-0000-0000-000000000007}.Debug|x64.Build.0 = Debug|Any CPU
		{A1000007-0000-0000-0000-000000000007}.Debug|x86.ActiveCfg = Debug|Any CPU
		{A1000007-0000-0000-0000-000000000007}.Debug|x86.Build.0 = Debug|Any CPU
		{A1000007-0000-0000-0000-000000000007}.Release|Any CPU.ActiveCfg = Release|Any CPU
		{A1000007-0000-0000-0000-000000000007}.Release|Any CPU.Build.0 = Release|Any CPU
		{A1000007-0000-0000-0000-000000000007}.Release|x64.ActiveCfg = Release|Any CPU
		{A1000007-0000-0000-0000-000000000007}.Release|x64.Build.0 = Release|Any CPU
		{A1000007-0000-0000-0000-000000000007}.Release|x86.ActiveCfg = Release|Any CPU
		{A1000007-0000-0000-0000-000000000007}.Release|x86.Build.0 = Release|Any CPU
		{10B1710C-4E46-44AE-AF5B-38590F8B2E59}.Debug|Any CPU.ActiveCfg = Debug|Any CPU
		{10B1710C-4E46-44AE-AF5B-38590F8B2E59}.Debug|Any CPU.Build.0 = Debug|Any CPU
		{10B1710C-4E46-44AE-AF5B-38590F8B2E59}.Debug|x64.ActiveCfg = Debug|Any CPU
		{10B1710C-4E46-44AE-AF5B-38590F8B2E59}.Debug|x64.Build.0 = Debug|Any CPU
		{10B1710C-4E46-44AE-AF5B-38590F8B2E59}.Debug|x86.ActiveCfg = Debug|Any CPU
		{10B1710C-4E46-44AE-AF5B-38590F8B2E59}.Debug|x86.Build.0 = Debug|Any CPU
		{10B1710C-4E46-44AE-AF5B-38590F8B2E59}.Release|Any CPU.ActiveCfg = Release|Any CPU
		{10B1710C-4E46-44AE-AF5B-38590F8B2E59}.Release|Any CPU.Build.0 = Release|Any CPU
		{10B1710C-4E46-44AE-AF5B-38590F8B2E59}.Release|x64.ActiveCfg = Release|Any CPU
		{10B1710C-4E46-44AE-AF5B-38590F8B2E59}.Release|x64.Build.0 = Release|Any CPU
		{10B1710C-4E46-44AE-AF5B-38590F8B2E59}.Release|x86.ActiveCfg = Release|Any CPU
		{10B1710C-4E46-44AE-AF5B-38590F8B2E59}.Release|x86.Build.0 = Release|Any CPU
		{A1000008-0000-0000-0000-000000000008}.Debug|Any CPU.ActiveCfg = Debug|Any CPU
		{A1000008-0000-0000-0000-000000000008}.Debug|Any CPU.Build.0 = Debug|Any CPU
		{A1000008-0000-0000-0000-000000000008}.Debug|x64.ActiveCfg = Debug|Any CPU
		{A1000008-0000-0000-0000-000000000008}.Debug|x64.Build.0 = Debug|Any CPU
		{A1000008-0000-0000-0000-000000000008}.Debug|x86.ActiveCfg = Debug|Any CPU
		{A1000008-0000-0000-0000-000000000008}.Debug|x86.Build.0 = Debug|Any CPU
		{A1000008-0000-0000-0000-000000000008}.Release|Any CPU.ActiveCfg = Release|Any CPU
		{A1000008-0000-0000-0000-000000000008}.Release|Any CPU.Build.0 = Release|Any CPU
		{A1000008-0000-0000-0000-000000000008}.Release|x64.ActiveCfg = Release|Any CPU
		{A1000008-0000-0000-0000-000000000008}.Release|x64.Build.0 = Release|Any CPU
		{A1000008-0000-0000-0000-000000000008}.Release|x86.ActiveCfg = Release|Any CPU
		{A1000008-0000-0000-0000-000000000008}.Release|x86.Build.0 = Release|Any CPU
		{10B1710D-4E46-44AE-AF5B-38590F8B2E5D}.Debug|Any CPU.ActiveCfg = Debug|Any CPU
		{10B1710D-4E46-44AE-AF5B-38590F8B2E5D}.Debug|Any CPU.Build.0 = Debug|Any CPU
		{10B1710D-4E46-44AE-AF5B-38590F8B2E5D}.Release|Any CPU.ActiveCfg = Release|Any CPU
		{10B1710D-4E46-44AE-AF5B-38590F8B2E5D}.Release|Any CPU.Build.0 = Release|Any CPU
		{A1000009-0000-0000-0000-000000000009}.Debug|Any CPU.ActiveCfg = Debug|Any CPU
		{A1000009-0000-0000-0000-000000000009}.Debug|Any CPU.Build.0 = Debug|Any CPU
		{A1000009-0000-0000-0000-000000000009}.Release|Any CPU.ActiveCfg = Release|Any CPU
		{A1000009-0000-0000-0000-000000000009}.Release|Any CPU.Build.0 = Release|Any CPU
		{A100000A-0000-0000-0000-00000000000A}.Debug|Any CPU.ActiveCfg = Debug|Any CPU
		{A100000A-0000-0000-0000-00000000000A}.Debug|Any CPU.Build.0 = Debug|Any CPU
		{A100000A-0000-0000-0000-00000000000A}.Release|Any CPU.ActiveCfg = Release|Any CPU
		{A100000A-0000-0000-0000-00000000000A}.Release|Any CPU.Build.0 = Release|Any CPU
		{A100000B-0000-0000-0000-00000000000B}.Debug|Any CPU.ActiveCfg = Debug|Any CPU
		{A100000B-0000-0000-0000-00000000000B}.Debug|Any CPU.Build.0 = Debug|Any CPU
		{A100000B-0000-0000-0000-00000000000B}.Release|Any CPU.ActiveCfg = Release|Any CPU
		{A100000B-0000-0000-0000-00000000000B}.Release|Any CPU.Build.0 = Release|Any CPU
		{A100000C-0000-0000-0000-00000000000C}.Debug|Any CPU.ActiveCfg = Debug|Any CPU
		{A100000C-0000-0000-0000-00000000000C}.Debug|Any CPU.Build.0 = Debug|Any CPU
		{A100000C-0000-0000-0000-00000000000C}.Release|Any CPU.ActiveCfg = Release|Any CPU
		{A100000C-0000-0000-0000-00000000000C}.Release|Any CPU.Build.0 = Release|Any CPU
		{A100000D-0000-0000-0000-00000000000D}.Debug|Any CPU.ActiveCfg = Debug|Any CPU
		{A100000D-0000-0000-0000-00000000000D}.Debug|Any CPU.Build.0 = Debug|Any CPU
		{A100000D-0000-0000-0000-00000000000D}.Release|Any CPU.ActiveCfg = Release|Any CPU
		{A100000D-0000-0000-0000-00000000000D}.Release|Any CPU.Build.0 = Release|Any CPU
		{A100000E-0000-0000-0000-00000000000E}.Debug|Any CPU.ActiveCfg = Debug|Any CPU
		{A100000E-0000-0000-0000-00000000000E}.Debug|Any CPU.Build.0 = Debug|Any CPU
		{A100000E-0000-0000-0000-00000000000E}.Release|Any CPU.ActiveCfg = Release|Any CPU
		{A100000E-0000-0000-0000-00000000000E}.Release|Any CPU.Build.0 = Release|Any CPU
		{A100000F-0000-0000-0000-00000000000F}.Debug|Any CPU.ActiveCfg = Debug|Any CPU
		{A100000F-0000-0000-0000-00000000000F}.Debug|Any CPU.Build.0 = Debug|Any CPU
		{A100000F-0000-0000-0000-00000000000F}.Release|Any CPU.ActiveCfg = Release|Any CPU
		{A100000F-0000-0000-0000-00000000000F}.Release|Any CPU.Build.0 = Release|Any CPU
		{A1000010-0000-0000-0000-000000000010}.Debug|Any CPU.ActiveCfg = Debug|Any CPU
		{A1000010-0000-0000-0000-000000000010}.Debug|Any CPU.Build.0 = Debug|Any CPU
		{A1000010-0000-0000-0000-000000000010}.Release|Any CPU.ActiveCfg = Release|Any CPU
		{A1000010-0000-0000-0000-000000000010}.Release|Any CPU.Build.0 = Release|Any CPU
		{A1000011-0000-0000-0000-000000000011}.Debug|Any CPU.ActiveCfg = Debug|Any CPU
		{A1000011-0000-0000-0000-000000000011}.Debug|Any CPU.Build.0 = Debug|Any CPU
		{A1000011-0000-0000-0000-000000000011}.Release|Any CPU.ActiveCfg = Release|Any CPU
		{A1000011-0000-0000-0000-000000000011}.Release|Any CPU.Build.0 = Release|Any CPU
		{A1000012-0000-0000-0000-000000000012}.Debug|Any CPU.ActiveCfg = Debug|Any CPU
		{A1000012-0000-0000-0000-000000000012}.Debug|Any CPU.Build.0 = Debug|Any CPU
		{A1000012-0000-0000-0000-000000000012}.Release|Any CPU.ActiveCfg = Release|Any CPU
		{A1000012-0000-0000-0000-000000000012}.Release|Any CPU.Build.0 = Release|Any CPU
	EndGlobalSection
	GlobalSection(SolutionProperties) = preSolution
		HideSolutionNode = FALSE
	EndGlobalSection
	GlobalSection(NestedProjects) = preSolution
		{A1000001-0000-0000-0000-000000000001} = {B0000001-0000-0000-0000-000000000001}
		{A1000002-0000-0000-0000-000000000002} = {B0000001-0000-0000-0000-000000000001}
		{A1000003-0000-0000-0000-000000000003} = {B0000001-0000-0000-0000-000000000001}
		{A1000004-0000-0000-0000-000000000004} = {B0000001-0000-0000-0000-000000000001}
		{A1000005-0000-0000-0000-000000000005} = {B0000001-0000-0000-0000-000000000001}
		{A1000006-0000-0000-0000-000000000006} = {B0000001-0000-0000-0000-000000000001}
		{A1000007-0000-0000-0000-000000000007} = {B0000001-0000-0000-0000-000000000001}
		{A1000008-0000-0000-0000-000000000008} = {B0000001-0000-0000-0000-000000000001}
		{10B1710D-4E46-44AE-AF5B-38590F8B2E5D} = {B0000001-0000-0000-0000-000000000001}
		{A1000009-0000-0000-0000-000000000009} = {B0000001-0000-0000-0000-000000000001}
		{A100000A-0000-0000-0000-00000000000A} = {B0000001-0000-0000-0000-000000000001}
		{A100000B-0000-0000-0000-00000000000B} = {B0000001-0000-0000-0000-000000000001}
		{A100000C-0000-0000-0000-00000000000C} = {B0000001-0000-0000-0000-000000000001}
		{A100000D-0000-0000-0000-00000000000D} = {B0000001-0000-0000-0000-000000000001}
		{A100000E-0000-0000-0000-00000000000E} = {B0000001-0000-0000-0000-000000000001}
		{A100000F-0000-0000-0000-00000000000F} = {B0000001-0000-0000-0000-000000000001}
		{A1000010-0000-0000-0000-000000000010} = {B0000001-0000-0000-0000-000000000001}
		{A1000011-0000-0000-0000-000000000011} = {B0000001-0000-0000-0000-000000000001}
		{A1000012-0000-0000-0000-000000000012} = {B0000001-0000-0000-0000-000000000001}
	EndGlobalSection
EndGlobal
