
Microsoft Visual Studio Solution File, Format Version 12.00
# Visual Studio Version 17
VisualStudioVersion = 17.10.0.0
MinimumVisualStudioVersion = 10.0.40219.1
Project("{2150E333-8FDC-42A3-9474-1A3956D46DE8}") = "Platform", "Platform", "{B0000002-0000-0000-0000-000000000002}"
EndProject
Project("{2150E333-8FDC-42A3-9474-1A3956D46DE8}") = "Modules", "Modules", "{B0000003-0000-0000-0000-000000000003}"
EndProject
Project("{2150E333-8FDC-42A3-9474-1A3956D46DE8}") = "Hosts", "Hosts", "{B0000004-0000-0000-0000-000000000004}"
EndProject
Project("{2150E333-8FDC-42A3-9474-1A3956D46DE8}") = "tests", "tests", "{B0000005-0000-0000-0000-000000000005}"
EndProject
Project("{2150E333-8FDC-42A3-9474-1A3956D46DE8}") = "src", "src", "{B0000001-0000-0000-0000-000000000001}"
EndProject
Project("{9A19103F-16F7-4668-BE54-9A1E7A4F7556}") = "Karamchari.Api", "Hosts\Karamchari.Api\Karamchari.Api.csproj", "{A1000001-0000-0000-0000-000000000001}"
EndProject
Project("{9A19103F-16F7-4668-BE54-9A1E7A4F7556}") = "Karamchari.Core", "Platform\Karamchari.Core\Karamchari.Core.csproj", "{A1000002-0000-0000-0000-000000000002}"
EndProject
Project("{9A19103F-16F7-4668-BE54-9A1E7A4F7556}") = "Karamchari.HR", "Modules\HR\Karamchari.HR\Karamchari.HR.csproj", "{A1000003-0000-0000-0000-000000000003}"
EndProject
Project("{9A19103F-16F7-4668-BE54-9A1E7A4F7556}") = "Karamchari.Payroll", "Modules\Payroll\Karamchari.Payroll\Karamchari.Payroll.csproj", "{A1000004-0000-0000-0000-000000000004}"
EndProject
Project("{9A19103F-16F7-4668-BE54-9A1E7A4F7556}") = "Karamchari.Core.UnitTests", "..\..\tests\Backend\Karamchari.Core.UnitTests\Karamchari.Core.UnitTests.csproj", "{A1000005-0000-0000-0000-000000000005}"
EndProject
Project("{9A19103F-16F7-4668-BE54-9A1E7A4F7556}") = "Karamchari.Core.IntegrationTests", "..\..\tests\Backend\Karamchari.Core.IntegrationTests\Karamchari.Core.IntegrationTests.csproj", "{A1000006-0000-0000-0000-000000000006}"
EndProject
Project("{9A19103F-16F7-4668-BE54-9A1E7A4F7556}") = "Karamchari.Core.Contracts", "Platform\Karamchari.Core.Contracts\Karamchari.Core.Contracts.csproj", "{A1000007-0000-0000-0000-000000000007}"
EndProject
Project("{9A19103F-16F7-4668-BE54-9A1E7A4F7556}") = "Karamchari.Approvals", "Platform\Karamchari.Approvals\Karamchari.Approvals.csproj", "{C2000001-0000-0000-0000-000000000001}"
EndProject
Project("{FAE04EC0-301F-11D3-BF4B-00C04F79EFBC}") = "Karamchari.TimeAttendance", "Modules\TimeAttendance\Karamchari.TimeAttendance\Karamchari.TimeAttendance.csproj", "{10B1710C-4E46-44AE-AF5B-38590F8B2E59}"
EndProject
Project("{9A19103F-16F7-4668-BE54-9A1E7A4F7556}") = "Karamchari.PSA", "Modules\PSA\Karamchari.PSA\Karamchari.PSA.csproj", "{A1000008-0000-0000-0000-000000000008}"
EndProject
Project("{9A19103F-16F7-4668-BE54-9A1E7A4F7556}") = "Karamchari.TimeAttendance.Tests", "..\..\tests\Backend\Karamchari.TimeAttendance.Tests\Karamchari.TimeAttendance.Tests.csproj", "{10B1710D-4E46-44AE-AF5B-38590F8B2E5D}"
EndProject
Project("{9A19103F-16F7-4668-BE54-9A1E7A4F7556}") = "Karamchari.PSA.Tests", "..\..\tests\Backend\Karamchari.PSA.Tests\Karamchari.PSA.Tests.csproj", "{A1000009-0000-0000-0000-000000000009}"
EndProject
Project("{9A19103F-16F7-4668-BE54-9A1E7A4F7556}") = "Karamchari.Billing.Contracts", "Modules\Billing\Karamchari.Billing.Contracts\Karamchari.Billing.Contracts.csproj", "{A100000A-0000-0000-0000-00000000000A}"
EndProject
Project("{9A19103F-16F7-4668-BE54-9A1E7A4F7556}") = "Karamchari.Workflow", "Modules\Workflow\Karamchari.Workflow\Karamchari.Workflow.csproj", "{A100000B-0000-0000-0000-00000000000B}"
EndProject
Project("{9A19103F-16F7-4668-BE54-9A1E7A4F7556}") = "Karamchari.Payroll.Tests", "..\..\tests\Backend\Karamchari.Payroll.Tests\Karamchari.Payroll.Tests.csproj", "{A100000C-0000-0000-0000-00000000000C}"
EndProject
Project("{9A19103F-16F7-4668-BE54-9A1E7A4F7556}") = "Karamchari.TimeAttendance.Contracts", "Modules\TimeAttendance\Karamchari.TimeAttendance.Contracts\Karamchari.TimeAttendance.Contracts.csproj", "{A100000D-0000-0000-0000-00000000000D}"
EndProject
Project("{9A19103F-16F7-4668-BE54-9A1E7A4F7556}") = "Karamchari.Billing", "Modules\Billing\Karamchari.Billing\Karamchari.Billing.csproj", "{A100000E-0000-0000-0000-00000000000E}"
EndProject
Project("{9A19103F-16F7-4668-BE54-9A1E7A4F7556}") = "Karamchari.Forecasting", "Modules\Forecasting\Karamchari.Forecasting\Karamchari.Forecasting.csproj", "{A100000F-0000-0000-0000-00000000000F}"
EndProject
Project("{9A19103F-16F7-4668-BE54-9A1E7A4F7556}") = "Karamchari.Performance.Contracts", "Modules\Performance\Karamchari.Performance.Contracts\Karamchari.Performance.Contracts.csproj", "{A1000010-0000-0000-0000-000000000010}"
EndProject
Project("{9A19103F-16F7-4668-BE54-9A1E7A4F7556}") = "Karamchari.Compensation.Contracts", "Modules\Compensation\Karamchari.Compensation.Contracts\Karamchari.Compensation.Contracts.csproj", "{A1000011-0000-0000-0000-000000000011}"
EndProject
Project("{9A19103F-16F7-4668-BE54-9A1E7A4F7556}") = "Karamchari.Performance", "Modules\Performance\Karamchari.Performance\Karamchari.Performance.csproj", "{A1000012-0000-0000-0000-000000000012}"
EndProject
Project("{9A19103F-16F7-4668-BE54-9A1E7A4F7556}") = "Karamchari.Notifications", "Modules\Notifications\Karamchari.Notifications\Karamchari.Notifications.csproj", "{A1000013-0000-0000-0000-000000000013}"
EndProject
Project("{9A19103F-16F7-4668-BE54-9A1E7A4F7556}") = "Karamchari.Compensation", "Modules\Compensation\Karamchari.Compensation\Karamchari.Compensation.csproj", "{A1000014-0000-0000-0000-000000000014}"
EndProject
Project("{FAE04EC0-301F-11D3-BF4B-00C04F79EFBC}") = "Karamchari.Api.UnitTests", "..\..\tests\Backend\Karamchari.Api.UnitTests\Karamchari.Api.UnitTests.csproj", "{6A9397B0-1C40-4031-ADC0-B0EE77180F68}"
EndProject
Project("{FAE04EC0-301F-11D3-BF4B-00C04F79EFBC}") = "Karamchari.Identity.Contracts", "Platform\Karamchari.Identity.Contracts\Karamchari.Identity.Contracts.csproj", "{08081E58-5598-4004-84E4-AE5CA2210A45}"
EndProject
Project("{FAE04EC0-301F-11D3-BF4B-00C04F79EFBC}") = "Karamchari.Identity", "Platform\Karamchari.Identity\Karamchari.Identity.csproj", "{36345336-F6CB-4BC8-A28D-BBC026E4E84A}"
EndProject
Project("{FAE04EC0-301F-11D3-BF4B-00C04F79EFBC}") = "Karamchari.Identity.Infrastructure", "Platform\Karamchari.Identity.Infrastructure\Karamchari.Identity.Infrastructure.csproj", "{19067105-2915-46EE-9316-1DF8F2373F61}"
EndProject
Project("{FAE04EC0-301F-11D3-BF4B-00C04F79EFBC}") = "Karamchari.Identity.IntegrationTests", "..\..\tests\Backend\Karamchari.Identity.IntegrationTests\Karamchari.Identity.IntegrationTests.csproj", "{CF3FDDAF-0E8C-4AC6-8A6B-8389093849D9}"
EndProject
Project("{FAE04EC0-301F-11D3-BF4B-00C04F79EFBC}") = "Karamchari.Recruitment.Contracts", "Modules\Recruitment\Karamchari.Recruitment.Contracts\Karamchari.Recruitment.Contracts.csproj", "{F6FBACCE-AB10-4ADA-BA4E-B1490EE1C2A1}"
EndProject
Project("{FAE04EC0-301F-11D3-BF4B-00C04F79EFBC}") = "Karamchari.Capability", "Modules\Capability\Karamchari.Capability\Karamchari.Capability.csproj", "{2FF780BA-9D3D-4FD3-A373-6B32F052C658}"
EndProject
Project("{FAE04EC0-301F-11D3-BF4B-00C04F79EFBC}") = "Karamchari.Capability.Contracts", "Modules\Capability\Karamchari.Capability.Contracts\Karamchari.Capability.Contracts.csproj", "{DA96BEE0-EBE3-46AE-95EF-95D29E84C7F4}"
EndProject
Project("{FAE04EC0-301F-11D3-BF4B-00C04F79EFBC}") = "Karamchari.Intelligence", "Modules\Intelligence\Karamchari.Intelligence\Karamchari.Intelligence.csproj", "{903DECF0-DD33-44B0-B921-8618A3111295}"
EndProject
Project("{FAE04EC0-301F-11D3-BF4B-00C04F79EFBC}") = "Karamchari.Intelligence.Contracts", "Modules\Intelligence\Karamchari.Intelligence.Contracts\Karamchari.Intelligence.Contracts.csproj", "{10041B7D-01FA-4435-9B5B-1449D09A6CE8}"
EndProject
Project("{FAE04EC0-301F-11D3-BF4B-00C04F79EFBC}") = "Karamchari.Governance", "Modules\Governance\Karamchari.Governance\Karamchari.Governance.csproj", "{8B860623-0610-441D-BDB6-2D0CD7050881}"
EndProject
Project("{FAE04EC0-301F-11D3-BF4B-00C04F79EFBC}") = "Karamchari.TenantIsolationCertification", "..\..\tests\Backend\Karamchari.TenantIsolationCertification\Karamchari.TenantIsolationCertification.csproj", "{EDBCFE0B-D5F1-4644-8BA4-5384AB645703}"
EndProject
Project("{FAE04EC0-301F-11D3-BF4B-00C04F79EFBC}") = "Karamchari.FinancialOps", "Modules\FinancialOps\Karamchari.FinancialOps\Karamchari.FinancialOps.csproj", "{F6F7DDF4-1A77-48C4-801F-E8268325B8FF}"
EndProject
Project("{FAE04EC0-301F-11D3-BF4B-00C04F79EFBC}") = "Karamchari.FinancialOps.Contracts", "Modules\FinancialOps\Karamchari.FinancialOps.Contracts\Karamchari.FinancialOps.Contracts.csproj", "{5915D2A1-0E5A-4306-9538-18B4106623CD}"
EndProject
Project("{9A19103F-16F7-4668-BE54-9A1E7A4F7556}") = "Karamchari.FinancialChaosTests", "..\..\tests\Backend\Karamchari.FinancialChaosTests\Karamchari.FinancialChaosTests.csproj", "{A1000015-0000-0000-0000-000000000015}"
EndProject
Project("{FAE04EC0-301F-11D3-BF4B-00C04F79EFBC}") = "Karamchari.Payroll.Contracts", "Modules\Payroll\Karamchari.Payroll.Contracts\Karamchari.Payroll.Contracts.csproj", "{92B44B90-E87F-488E-8604-A3C1D7161D70}"
EndProject
Project("{FAE04EC0-301F-11D3-BF4B-00C04F79EFBC}") = "Karamchari.ArchitectureTests", "..\..\tests\Backend\Karamchari.ArchitectureTests\Karamchari.ArchitectureTests.csproj", "{79D1BE36-8769-4423-820B-FA5DF7DC9D08}"
EndProject
Project("{FAE04EC0-301F-11D3-BF4B-00C04F79EFBC}") = "Karamchari.DataMigration.Contracts", "Modules\DataMigration\Karamchari.DataMigration.Contracts\Karamchari.DataMigration.Contracts.csproj", "{40455CBA-C74B-4EB5-A997-AB31F0E8447E}"
EndProject
Project("{FAE04EC0-301F-11D3-BF4B-00C04F79EFBC}") = "Karamchari.DataMigration", "Modules\DataMigration\Karamchari.DataMigration\Karamchari.DataMigration.csproj", "{16B138BB-42A4-409B-9B94-1C53E5EC8FFD}"
EndProject
Project("{FAE04EC0-301F-11D3-BF4B-00C04F79EFBC}") = "Karamchari.DataMigration.Tests", "..\..\tests\Backend\Karamchari.DataMigration.Tests\Karamchari.DataMigration.Tests.csproj", "{0DCDB855-9516-498D-9503-BC2AE2BF3BBC}"
EndProject
Project("{2150E333-8FDC-42A3-9474-1A3956D46DE8}") = "Modules", "Modules", "{CA253913-39DE-BFD0-C9A3-4B7EC6FBDF17}"
EndProject
Project("{2150E333-8FDC-42A3-9474-1A3956D46DE8}") = "Recruitment", "Recruitment", "{EBDFCD26-86E5-8D55-D65F-6C40A831314C}"
EndProject
Project("{FAE04EC0-301F-11D3-BF4B-00C04F79EFBC}") = "Karamchari.Recruitment.Api", "Modules\Recruitment\Karamchari.Recruitment.Api\Karamchari.Recruitment.Api.csproj", "{8EE7925B-3E51-412A-826B-DF80CD7CA8B6}"
EndProject
Project("{FAE04EC0-301F-11D3-BF4B-00C04F79EFBC}") = "Karamchari.Recruitment.Application", "Modules\Recruitment\Karamchari.Recruitment.Application\Karamchari.Recruitment.Application.csproj", "{C79A5B62-DCA3-47CB-B3E0-0CC86F1CCFB4}"
EndProject
Project("{FAE04EC0-301F-11D3-BF4B-00C04F79EFBC}") = "Karamchari.Recruitment.Core", "Modules\Recruitment\Karamchari.Recruitment.Core\Karamchari.Recruitment.Core.csproj", "{F79ED395-5E49-449E-9F52-850CC6602373}"
EndProject
Project("{FAE04EC0-301F-11D3-BF4B-00C04F79EFBC}") = "Karamchari.Recruitment.Infrastructure", "Modules\Recruitment\Karamchari.Recruitment.Infrastructure\Karamchari.Recruitment.Infrastructure.csproj", "{DD43F89D-78E6-4E95-AB15-95F98B82D2F9}"
EndProject
Project("{FAE04EC0-301F-11D3-BF4B-00C04F79EFBC}") = "Karamchari.Recruitment.Worker", "Modules\Recruitment\Karamchari.Recruitment.Worker\Karamchari.Recruitment.Worker.csproj", "{5D06ED34-1A6D-4C53-81C0-52811AF16581}"
EndProject
Project("{FAE04EC0-301F-11D3-BF4B-00C04F79EFBC}") = "Karamchari.Recruitment.Tests", "..\..\tests\Backend\Karamchari.Recruitment.Tests\Karamchari.Recruitment.Tests.csproj", "{B76DCF25-7027-4B7D-9A51-DD3FF72C33F6}"
EndProject
Project("{FAE04EC0-301F-11D3-BF4B-00C04F79EFBC}") = "Karamchari.HR.Tests", "..\..\tests\Backend\Karamchari.HR.Tests\Karamchari.HR.Tests.csproj", "{358DD5A8-4271-4445-ABA2-E58CB3431EA7}"
EndProject
Project("{2150E333-8FDC-42A3-9474-1A3956D46DE8}") = "HR", "HR", "{E0F9B259-925F-CE95-B0D5-47162AC9E5EA}"
EndProject
Project("{FAE04EC0-301F-11D3-BF4B-00C04F79EFBC}") = "Karamchari.Billing.Tests", "..\..\tests\Backend\Karamchari.Billing.Tests\Karamchari.Billing.Tests.csproj", "{5E9EB7E3-8D4A-42A7-875D-46019F4D6821}"
EndProject
Project("{2150E333-8FDC-42A3-9474-1A3956D46DE8}") = "Billing", "Billing", "{38C1AB8D-0191-F593-EB5D-111F98BD1BED}"
EndProject
Project("{FAE04EC0-301F-11D3-BF4B-00C04F79EFBC}") = "Karamchari.Compensation.Tests", "..\..\tests\Backend\Karamchari.Compensation.Tests\Karamchari.Compensation.Tests.csproj", "{7B16A409-2018-4436-B4D6-5A7C3A82CACD}"
EndProject
Project("{2150E333-8FDC-42A3-9474-1A3956D46DE8}") = "Compensation", "Compensation", "{AE021DDB-8B1A-E7D9-B553-506579376472}"
EndProject
Project("{FAE04EC0-301F-11D3-BF4B-00C04F79EFBC}") = "Karamchari.FinancialOps.Tests", "..\..\tests\Backend\Karamchari.FinancialOps.Tests\Karamchari.FinancialOps.Tests.csproj", "{C814EB72-1EA7-4D9E-88D7-60CEC66332BE}"
EndProject
Project("{2150E333-8FDC-42A3-9474-1A3956D46DE8}") = "FinancialOps", "FinancialOps", "{F8E66298-5B60-B5D6-EEE1-680E66603DA3}"
EndProject
Project("{FAE04EC0-301F-11D3-BF4B-00C04F79EFBC}") = "Karamchari.Notifications.Tests", "..\..\tests\Backend\Karamchari.Notifications.Tests\Karamchari.Notifications.Tests.csproj", "{D137BD58-80A2-41C6-A8D4-6644DAF6DFB1}"
EndProject
Project("{2150E333-8FDC-42A3-9474-1A3956D46DE8}") = "Notifications", "Notifications", "{E4F07A3A-0D15-4D3A-4C13-E2BD6EBFF108}"
EndProject
Project("{FAE04EC0-301F-11D3-BF4B-00C04F79EFBC}") = "Karamchari.Governance.Tests", "..\..\tests\Backend\Karamchari.Governance.Tests\Karamchari.Governance.Tests.csproj", "{2E7833C9-8CE9-4D38-8F8B-09056D6B11FF}"
EndProject
Project("{2150E333-8FDC-42A3-9474-1A3956D46DE8}") = "Governance", "Governance", "{20251845-2003-7472-DB40-8CF60FFEEF76}"
EndProject
Project("{FAE04EC0-301F-11D3-BF4B-00C04F79EFBC}") = "Karamchari.Workflow.Tests", "..\..\tests\Backend\Karamchari.Workflow.Tests\Karamchari.Workflow.Tests.csproj", "{E6E9F891-9F38-4669-993F-AD9CCE3C8C2B}"
EndProject
Project("{2150E333-8FDC-42A3-9474-1A3956D46DE8}") = "Workflow", "Workflow", "{85280D5D-5A8D-E4C5-03EB-5861EF493279}"
EndProject
Project("{FAE04EC0-301F-11D3-BF4B-00C04F79EFBC}") = "Karamchari.Intelligence.Tests", "..\..\tests\Backend\Karamchari.Intelligence.Tests\Karamchari.Intelligence.Tests.csproj", "{B9B2080E-DA7C-4D6A-A6D8-C1964BA2C4D1}"
EndProject
Project("{2150E333-8FDC-42A3-9474-1A3956D46DE8}") = "Intelligence", "Intelligence", "{62CF9610-B42B-EF2F-4B4C-4013F5DA2273}"
EndProject
Project("{FAE04EC0-301F-11D3-BF4B-00C04F79EFBC}") = "Karamchari.Capability.Tests", "..\..\tests\Backend\Karamchari.Capability.Tests\Karamchari.Capability.Tests.csproj", "{7DC64872-4497-4C2A-BBD8-D0022B902A39}"
EndProject
Project("{2150E333-8FDC-42A3-9474-1A3956D46DE8}") = "Capability", "Capability", "{51BBE201-388A-F744-BA45-CBD0FF34D230}"
EndProject
Project("{FAE04EC0-301F-11D3-BF4B-00C04F79EFBC}") = "Karamchari.Forecasting.Tests", "..\..\tests\Backend\Karamchari.Forecasting.Tests\Karamchari.Forecasting.Tests.csproj", "{3AFF4CB4-E8E3-48CF-8864-1CD7FEAA2358}"
EndProject
Project("{2150E333-8FDC-42A3-9474-1A3956D46DE8}") = "Forecasting", "Forecasting", "{E8C394D9-7F87-955C-FF77-15CE8D45F831}"
EndProject
Project("{FAE04EC0-301F-11D3-BF4B-00C04F79EFBC}") = "Karamchari.Identity.Tests", "..\..\tests\Backend\Karamchari.Identity.Tests\Karamchari.Identity.Tests.csproj", "{61BB9AD4-E585-4597-9ABA-36C269268CDC}"
EndProject
Project("{2150E333-8FDC-42A3-9474-1A3956D46DE8}") = "Platform", "Platform", "{E54149B9-7F22-367F-9CC5-FD829E3AA07B}"
EndProject
Project("{FAE04EC0-301F-11D3-BF4B-00C04F79EFBC}") = "Karamchari.Outbox.Tests", "..\..\tests\Backend\Karamchari.Outbox.Tests\Karamchari.Outbox.Tests.csproj", "{0B14DF6E-B216-4935-B47B-3C390F9E385F}"
EndProject
Project("{9A19103F-16F7-4668-BE54-9A1E7A4F7556}") = "Karamchari.ChaosTests", "..\..\tests\Backend\Platform\Karamchari.ChaosTests\Karamchari.ChaosTests.csproj", "{A1000016-0000-0000-0000-000000000016}"
EndProject
Project("{9A19103F-16F7-4668-BE54-9A1E7A4F7556}") = "Karamchari.DisasterRecoveryTests", "..\..\tests\Backend\Platform\Karamchari.DisasterRecoveryTests\Karamchari.DisasterRecoveryTests.csproj", "{A1000017-0000-0000-0000-000000000017}"
EndProject
Project("{2150E333-8FDC-42A3-9474-1A3956D46DE8}") = "Hosts", "Hosts", "{2F3EF1A3-B2B0-B28C-122D-FFB85167A4CE}"
EndProject
Project("{FAE04EC0-301F-11D3-BF4B-00C04F79EFBC}") = "Karamchari.Worker", "Hosts\Karamchari.Worker\Karamchari.Worker.csproj", "{0A4DFD33-54F6-4CAC-9903-534E1B092924}"
EndProject
Project("{2150E333-8FDC-42A3-9474-1A3956D46DE8}") = "Payroll", "Payroll", "{C12B0A86-7F1D-CA39-49EB-AB633A52E295}"
EndProject
Project("{2150E333-8FDC-42A3-9474-1A3956D46DE8}") = "TimeAttendance", "TimeAttendance", "{9A626195-ACF0-3581-34C8-CBE358C842AF}"
EndProject
Project("{2150E333-8FDC-42A3-9474-1A3956D46DE8}") = "PSA", "PSA", "{E5E11146-751D-3827-BC4B-5D429449C2A3}"
EndProject
Project("{2150E333-8FDC-42A3-9474-1A3956D46DE8}") = "Performance", "Performance", "{680F5693-64EE-1903-323C-F7F5221B1F80}"
EndProject
Project("{2150E333-8FDC-42A3-9474-1A3956D46DE8}") = "DataMigration", "DataMigration", "{2AB398DC-7A9B-77A8-6AEB-1C82D16EE229}"
EndProject
Project("{FAE04EC0-301F-11D3-BF4B-00C04F79EFBC}") = "Karamchari.SecurityTests", "..\..\tests\Backend\Security\Karamchari.SecurityTests\Karamchari.SecurityTests.csproj", "{9EE296B4-4BFC-B324-ED5D-B732FEED3BED}"
EndProject
Project("{9A19103F-16F7-4668-BE54-9A1E7A4F7556}") = "Karamchari.PerformanceTests", "..\..\tests\Performance\NBomber\Karamchari.PerformanceTests\Karamchari.PerformanceTests.csproj", "{65E2CA4A-51E1-9079-678D-6A7A8D7A7404}"
EndProject
Project("{FAE04EC0-301F-11D3-BF4B-00C04F79EFBC}") = "Karamchari.PlatformIntelligence", "Modules\PlatformIntelligence\Karamchari.PlatformIntelligence\Karamchari.PlatformIntelligence.csproj", "{52B54835-1E45-4853-AF20-60B019D2C06B}"
EndProject
Project("{FAE04EC0-301F-11D3-BF4B-00C04F79EFBC}") = "Karamchari.Payroll.IntegrationTests", "..\..\tests\Backend\Karamchari.Payroll.IntegrationTests\Karamchari.Payroll.IntegrationTests.csproj", "{EFB15821-6808-4F80-A8FC-DC6C06A20FAA}"
EndProject
Project("{FAE04EC0-301F-11D3-BF4B-00C04F79EFBC}") = "Karamchari.Forecasting.IntegrationTests", "..\..\tests\Backend\Karamchari.Forecasting.IntegrationTests\Karamchari.Forecasting.IntegrationTests.csproj", "{0A438731-7B8D-4935-BAB7-08DFEBD125DF}"
EndProject
Project("{2150E333-8FDC-42A3-9474-1A3956D46DE8}") = "Helpdesk", "Helpdesk", "{D1980A4E-076C-9612-217F-DD26C869ECFE}"
EndProject
Project("{FAE04EC0-301F-11D3-BF4B-00C04F79EFBC}") = "Karamchari.Helpdesk", "Modules\Helpdesk\Karamchari.Helpdesk\Karamchari.Helpdesk.csproj", "{E65D0625-D93C-4850-B755-7BAB53906A9B}"
EndProject
Project("{2150E333-8FDC-42A3-9474-1A3956D46DE8}") = "AssetManagement", "AssetManagement", "{3A3C2CD9-3B26-EA67-2267-8A54839368EB}"
EndProject
Project("{FAE04EC0-301F-11D3-BF4B-00C04F79EFBC}") = "Karamchari.AssetManagement", "Modules\AssetManagement\Karamchari.AssetManagement\Karamchari.AssetManagement.csproj", "{1DB0CB3C-4BFC-437D-AB75-2134C45DEA08}"
EndProject
Project("{2150E333-8FDC-42A3-9474-1A3956D46DE8}") = "Engagement", "Engagement", "{61012BD7-3286-9F68-6095-D84BBE4E3A3E}"
EndProject
Project("{FAE04EC0-301F-11D3-BF4B-00C04F79EFBC}") = "Karamchari.Engagement", "Modules\Engagement\Karamchari.Engagement\Karamchari.Engagement.csproj", "{15EE0CBF-3213-4550-9B75-784F79EFFE71}"
EndProject
Project("{2150E333-8FDC-42A3-9474-1A3956D46DE8}") = "Succession", "Succession", "{B1948FD5-C17F-B35B-50C6-0BF5A556C5BC}"
EndProject
Project("{FAE04EC0-301F-11D3-BF4B-00C04F79EFBC}") = "Karamchari.Succession", "Modules\Succession\Karamchari.Succession\Karamchari.Succession.csproj", "{55E67275-3AF0-4308-A8AB-0B6315E5687F}"
EndProject
Project("{2150E333-8FDC-42A3-9474-1A3956D46DE8}") = "Integration", "Integration", "{D8CED9F5-4F85-2931-3CB0-8B5130FC326C}"
EndProject
Project("{FAE04EC0-301F-11D3-BF4B-00C04F79EFBC}") = "Karamchari.Integration", "Modules\Integration\Karamchari.Integration\Karamchari.Integration.csproj", "{70B2524A-D5C2-43CC-87A8-5E839ACCAD21}"
EndProject
Project("{FAE04EC0-301F-11D3-BF4B-00C04F79EFBC}") = "Karamchari.Benchmarks", "..\..\tests\Backend\Karamchari.Benchmarks\Karamchari.Benchmarks.csproj", "{FECDB745-ADE0-4AAB-9B85-C05A5C48EFC4}"
EndProject
Project("{2150E333-8FDC-42A3-9474-1A3956D46DE8}") = "Benefits", "Benefits", "{B2000001-0000-0000-0000-000000000001}"
EndProject
Project("{FAE04EC0-301F-11D3-BF4B-00C04F79EFBC}") = "Karamchari.Benefits.Contracts", "Modules\Benefits\Karamchari.Benefits.Contracts\Karamchari.Benefits.Contracts.csproj", "{B2000002-0000-0000-0000-000000000002}"
EndProject
Project("{FAE04EC0-301F-11D3-BF4B-00C04F79EFBC}") = "Karamchari.Benefits", "Modules\Benefits\Karamchari.Benefits\Karamchari.Benefits.csproj", "{B2000003-0000-0000-0000-000000000003}"
EndProject
Project("{FAE04EC0-301F-11D3-BF4B-00C04F79EFBC}") = "Karamchari.Benefits.Tests", "..\..\tests\Backend\Karamchari.Benefits.Tests\Karamchari.Benefits.Tests.csproj", "{B2000004-0000-0000-0000-000000000004}"
EndProject
Project("{FAE04EC0-301F-11D3-BF4B-00C04F79EFBC}") = "Karamchari.Onboarding.Tests", "..\..\tests\Backend\Karamchari.Onboarding.Tests\Karamchari.Onboarding.Tests.csproj", "{194D48CF-C4FE-45E4-82FF-FAD70EFB8E15}"
EndProject
Project("{2150E333-8FDC-42A3-9474-1A3956D46DE8}") = "Onboarding", "Onboarding", "{CF2CFDBE-7880-2511-3D30-8BA990739B50}"
EndProject
Project("{FAE04EC0-301F-11D3-BF4B-00C04F79EFBC}") = "Karamchari.Onboarding", "Modules\Onboarding\Karamchari.Onboarding\Karamchari.Onboarding.csproj", "{81D856BE-3586-4CD4-9918-ABFF634D2D9A}"
EndProject
Project("{FAE04EC0-301F-11D3-BF4B-00C04F79EFBC}") = "Karamchari.Onboarding.Contracts", "Modules\Onboarding\Karamchari.Onboarding.Contracts\Karamchari.Onboarding.Contracts.csproj", "{66DEED26-79FE-463D-A55E-B4B70949D7EC}"
EndProject
Global
	GlobalSection(SolutionConfigurationPlatforms) = preSolution
		Debug|Any CPU = Debug|Any CPU
		Debug|x64 = Debug|x64
		Debug|x86 = Debug|x86
		Release|Any CPU = Release|Any CPU
		Release|x64 = Release|x64
		Release|x86 = Release|x86
	EndGlobalSection
	GlobalSection(ProjectConfigurationPlatforms) = postSolution
		{A1000001-0000-0000-0000-000000000001}.Debug|Any CPU.ActiveCfg = Debug|Any CPU
		{A1000001-0000-0000-0000-000000000001}.Debug|Any CPU.Build.0 = Debug|Any CPU
		{A1000001-0000-0000-0000-000000000001}.Debug|x64.ActiveCfg = Debug|Any CPU
		{A1000001-0000-0000-0000-000000000001}.Debug|x64.Build.0 = Debug|Any CPU
		{A1000001-0000-0000-0000-000000000001}.Debug|x86.ActiveCfg = Debug|Any CPU
		{A1000001-0000-0000-0000-000000000001}.Debug|x86.Build.0 = Debug|Any CPU
		{A1000001-0000-0000-0000-000000000001}.Release|Any CPU.ActiveCfg = Release|Any CPU
		{A1000001-0000-0000-0000-000000000001}.Release|Any CPU.Build.0 = Release|Any CPU
		{A1000001-0000-0000-0000-000000000001}.Release|x64.ActiveCfg = Release|Any CPU
		{A1000001-0000-0000-0000-000000000001}.Release|x64.Build.0 = Release|Any CPU
		{A1000001-0000-0000-0000-000000000001}.Release|x86.ActiveCfg = Release|Any CPU
		{A1000001-0000-0000-0000-000000000001}.Release|x86.Build.0 = Release|Any CPU
		{A1000002-0000-0000-0000-000000000002}.Debug|Any CPU.ActiveCfg = Debug|Any CPU
		{A1000002-0000-0000-0000-000000000002}.Debug|Any CPU.Build.0 = Debug|Any CPU
		{A1000002-0000-0000-0000-000000000002}.Debug|x64.ActiveCfg = Debug|Any CPU
		{A1000002-0000-0000-0000-000000000002}.Debug|x64.Build.0 = Debug|Any CPU
		{A1000002-0000-0000-0000-000000000002}.Debug|x86.ActiveCfg = Debug|Any CPU
		{A1000002-0000-0000-0000-000000000002}.Debug|x86.Build.0 = Debug|Any CPU
		{A1000002-0000-0000-0000-000000000002}.Release|Any CPU.ActiveCfg = Release|Any CPU
		{A1000002-0000-0000-0000-000000000002}.Release|Any CPU.Build.0 = Release|Any CPU
		{A1000002-0000-0000-0000-000000000002}.Release|x64.ActiveCfg = Release|Any CPU
		{A1000002-0000-0000-0000-000000000002}.Release|x64.Build.0 = Release|Any CPU
		{A1000002-0000-0000-0000-000000000002}.Release|x86.ActiveCfg = Release|Any CPU
		{A1000002-0000-0000-0000-000000000002}.Release|x86.Build.0 = Release|Any CPU
		{A1000003-0000-0000-0000-000000000003}.Debug|Any CPU.ActiveCfg = Debug|Any CPU
		{A1000003-0000-0000-0000-000000000003}.Debug|Any CPU.Build.0 = Debug|Any CPU
		{A1000003-0000-0000-0000-000000000003}.Debug|x64.ActiveCfg = Debug|Any CPU
		{A1000003-0000-0000-0000-000000000003}.Debug|x64.Build.0 = Debug|Any CPU
		{A1000003-0000-0000-0000-000000000003}.Debug|x86.ActiveCfg = Debug|Any CPU
		{A1000003-0000-0000-0000-000000000003}.Debug|x86.Build.0 = Debug|Any CPU
		{A1000003-0000-0000-0000-000000000003}.Release|Any CPU.ActiveCfg = Release|Any CPU
		{A1000003-0000-0000-0000-000000000003}.Release|Any CPU.Build.0 = Release|Any CPU
		{A1000003-0000-0000-0000-000000000003}.Release|x64.ActiveCfg = Release|Any CPU
		{A1000003-0000-0000-0000-000000000003}.Release|x64.Build.0 = Release|Any CPU
		{A1000003-0000-0000-0000-000000000003}.Release|x86.ActiveCfg = Release|Any CPU
		{A1000003-0000-0000-0000-000000000003}.Release|x86.Build.0 = Release|Any CPU
		{A1000004-0000-0000-0000-000000000004}.Debug|Any CPU.ActiveCfg = Debug|Any CPU
		{A1000004-0000-0000-0000-000000000004}.Debug|Any CPU.Build.0 = Debug|Any CPU
		{A1000004-0000-0000-0000-000000000004}.Debug|x64.ActiveCfg = Debug|Any CPU
		{A1000004-0000-0000-0000-000000000004}.Debug|x64.Build.0 = Debug|Any CPU
		{A1000004-0000-0000-0000-000000000004}.Debug|x86.ActiveCfg = Debug|Any CPU
		{A1000004-0000-0000-0000-000000000004}.Debug|x86.Build.0 = Debug|Any CPU
		{A1000004-0000-0000-0000-000000000004}.Release|Any CPU.ActiveCfg = Release|Any CPU
		{A1000004-0000-0000-0000-000000000004}.Release|Any CPU.Build.0 = Release|Any CPU
		{A1000004-0000-0000-0000-000000000004}.Release|x64.ActiveCfg = Release|Any CPU
		{A1000004-0000-0000-0000-000000000004}.Release|x64.Build.0 = Release|Any CPU
		{A1000004-0000-0000-0000-000000000004}.Release|x86.ActiveCfg = Release|Any CPU
		{A1000004-0000-0000-0000-000000000004}.Release|x86.Build.0 = Release|Any CPU
		{A1000005-0000-0000-0000-000000000005}.Debug|Any CPU.ActiveCfg = Debug|Any CPU
		{A1000005-0000-0000-0000-000000000005}.Debug|Any CPU.Build.0 = Debug|Any CPU
		{A1000005-0000-0000-0000-000000000005}.Debug|x64.ActiveCfg = Debug|Any CPU
		{A1000005-0000-0000-0000-000000000005}.Debug|x64.Build.0 = Debug|Any CPU
		{A1000005-0000-0000-0000-000000000005}.Debug|x86.ActiveCfg = Debug|Any CPU
		{A1000005-0000-0000-0000-000000000005}.Debug|x86.Build.0 = Debug|Any CPU
		{A1000005-0000-0000-0000-000000000005}.Release|Any CPU.ActiveCfg = Release|Any CPU
		{A1000005-0000-0000-0000-000000000005}.Release|Any CPU.Build.0 = Release|Any CPU
		{A1000005-0000-0000-0000-000000000005}.Release|x64.ActiveCfg = Release|Any CPU
		{A1000005-0000-0000-0000-000000000005}.Release|x64.Build.0 = Release|Any CPU
		{A1000005-0000-0000-0000-000000000005}.Release|x86.ActiveCfg = Release|Any CPU
		{A1000005-0000-0000-0000-000000000005}.Release|x86.Build.0 = Release|Any CPU
		{A1000006-0000-0000-0000-000000000006}.Debug|Any CPU.ActiveCfg = Debug|Any CPU
		{A1000006-0000-0000-0000-000000000006}.Debug|Any CPU.Build.0 = Debug|Any CPU
		{A1000006-0000-0000-0000-000000000006}.Debug|x64.ActiveCfg = Debug|Any CPU
		{A1000006-0000-0000-0000-000000000006}.Debug|x64.Build.0 = Debug|Any CPU
		{A1000006-0000-0000-0000-000000000006}.Debug|x86.ActiveCfg = Debug|Any CPU
		{A1000006-0000-0000-0000-000000000006}.Debug|x86.Build.0 = Debug|Any CPU
		{A1000006-0000-0000-0000-000000000006}.Release|Any CPU.ActiveCfg = Release|Any CPU
		{A1000006-0000-0000-0000-000000000006}.Release|Any CPU.Build.0 = Release|Any CPU
		{A1000006-0000-0000-0000-000000000006}.Release|x64.ActiveCfg = Release|Any CPU
		{A1000006-0000-0000-0000-000000000006}.Release|x64.Build.0 = Release|Any CPU
		{A1000006-0000-0000-0000-000000000006}.Release|x86.ActiveCfg = Release|Any CPU
		{A1000006-0000-0000-0000-000000000006}.Release|x86.Build.0 = Release|Any CPU
		{A1000007-0000-0000-0000-000000000007}.Debug|Any CPU.ActiveCfg = Debug|Any CPU
		{A1000007-0000-0000-0000-000000000007}.Debug|Any CPU.Build.0 = Debug|Any CPU
		{A1000007-0000-0000-0000-000000000007}.Debug|x64.ActiveCfg = Debug|Any CPU
		{A1000007-0000-0000-0000-000000000007}.Debug|x64.Build.0 = Debug|Any CPU
		{A1000007-0000-0000-0000-000000000007}.Debug|x86.ActiveCfg = Debug|Any CPU
		{A1000007-0000-0000-0000-000000000007}.Debug|x86.Build.0 = Debug|Any CPU
		{A1000007-0000-0000-0000-000000000007}.Release|Any CPU.ActiveCfg = Release|Any CPU
		{A1000007-0000-0000-0000-000000000007}.Release|Any CPU.Build.0 = Release|Any CPU
		{A1000007-0000-0000-0000-000000000007}.Release|x64.ActiveCfg = Release|Any CPU
		{A1000007-0000-0000-0000-000000000007}.Release|x64.Build.0 = Release|Any CPU
		{A1000007-0000-0000-0000-000000000007}.Release|x86.ActiveCfg = Release|Any CPU
		{A1000007-0000-0000-0000-000000000007}.Release|x86.Build.0 = Release|Any CPU
		{10B1710C-4E46-44AE-AF5B-38590F8B2E59}.Debug|Any CPU.ActiveCfg = Debug|Any CPU
		{10B1710C-4E46-44AE-AF5B-38590F8B2E59}.Debug|Any CPU.Build.0 = Debug|Any CPU
		{10B1710C-4E46-44AE-AF5B-38590F8B2E59}.Debug|x64.ActiveCfg = Debug|Any CPU
		{10B1710C-4E46-44AE-AF5B-38590F8B2E59}.Debug|x64.Build.0 = Debug|Any CPU
		{10B1710C-4E46-44AE-AF5B-38590F8B2E59}.Debug|x86.ActiveCfg = Debug|Any CPU
		{10B1710C-4E46-44AE-AF5B-38590F8B2E59}.Debug|x86.Build.0 = Debug|Any CPU
		{10B1710C-4E46-44AE-AF5B-38590F8B2E59}.Release|Any CPU.ActiveCfg = Release|Any CPU
		{10B1710C-4E46-44AE-AF5B-38590F8B2E59}.Release|Any CPU.Build.0 = Release|Any CPU
		{10B1710C-4E46-44AE-AF5B-38590F8B2E59}.Release|x64.ActiveCfg = Release|Any CPU
		{10B1710C-4E46-44AE-AF5B-38590F8B2E59}.Release|x64.Build.0 = Release|Any CPU
		{10B1710C-4E46-44AE-AF5B-38590F8B2E59}.Release|x86.ActiveCfg = Release|Any CPU
		{10B1710C-4E46-44AE-AF5B-38590F8B2E59}.Release|x86.Build.0 = Release|Any CPU
		{A1000008-0000-0000-0000-000000000008}.Debug|Any CPU.ActiveCfg = Debug|Any CPU
		{A1000008-0000-0000-0000-000000000008}.Debug|Any CPU.Build.0 = Debug|Any CPU
		{A1000008-0000-0000-0000-000000000008}.Debug|x64.ActiveCfg = Debug|Any CPU
		{A1000008-0000-0000-0000-000000000008}.Debug|x64.Build.0 = Debug|Any CPU
		{A1000008-0000-0000-0000-000000000008}.Debug|x86.ActiveCfg = Debug|Any CPU
		{A1000008-0000-0000-0000-000000000008}.Debug|x86.Build.0 = Debug|Any CPU
		{A1000008-0000-0000-0000-000000000008}.Release|Any CPU.ActiveCfg = Release|Any CPU
		{A1000008-0000-0000-0000-000000000008}.Release|Any CPU.Build.0 = Release|Any CPU
		{A1000008-0000-0000-0000-000000000008}.Release|x64.ActiveCfg = Release|Any CPU
		{A1000008-0000-0000-0000-000000000008}.Release|x64.Build.0 = Release|Any CPU
		{A1000008-0000-0000-0000-000000000008}.Release|x86.ActiveCfg = Release|Any CPU
		{A1000008-0000-0000-0000-000000000008}.Release|x86.Build.0 = Release|Any CPU
		{10B1710D-4E46-44AE-AF5B-38590F8B2E5D}.Debug|Any CPU.ActiveCfg = Debug|Any CPU
		{10B1710D-4E46-44AE-AF5B-38590F8B2E5D}.Debug|Any CPU.Build.0 = Debug|Any CPU
		{10B1710D-4E46-44AE-AF5B-38590F8B2E5D}.Release|Any CPU.ActiveCfg = Release|Any CPU
		{10B1710D-4E46-44AE-AF5B-38590F8B2E5D}.Release|Any CPU.Build.0 = Release|Any CPU
		{A1000009-0000-0000-0000-000000000009}.Debug|Any CPU.ActiveCfg = Debug|Any CPU
		{A1000009-0000-0000-0000-000000000009}.Debug|Any CPU.Build.0 = Debug|Any CPU
		{A1000009-0000-0000-0000-000000000009}.Release|Any CPU.ActiveCfg = Release|Any CPU
		{A1000009-0000-0000-0000-000000000009}.Release|Any CPU.Build.0 = Release|Any CPU
		{A100000A-0000-0000-0000-00000000000A}.Debug|Any CPU.ActiveCfg = Debug|Any CPU
		{A100000A-0000-0000-0000-00000000000A}.Debug|Any CPU.Build.0 = Debug|Any CPU
		{A100000A-0000-0000-0000-00000000000A}.Release|Any CPU.ActiveCfg = Release|Any CPU
		{A100000A-0000-0000-0000-00000000000A}.Release|Any CPU.Build.0 = Release|Any CPU
		{A100000B-0000-0000-0000-00000000000B}.Debug|Any CPU.ActiveCfg = Debug|Any CPU
		{A100000B-0000-0000-0000-00000000000B}.Debug|Any CPU.Build.0 = Debug|Any CPU
		{A100000B-0000-0000-0000-00000000000B}.Release|Any CPU.ActiveCfg = Release|Any CPU
		{A100000B-0000-0000-0000-00000000000B}.Release|Any CPU.Build.0 = Release|Any CPU
		{A100000C-0000-0000-0000-00000000000C}.Debug|Any CPU.ActiveCfg = Debug|Any CPU
		{A100000C-0000-0000-0000-00000000000C}.Debug|Any CPU.Build.0 = Debug|Any CPU
		{A100000C-0000-0000-0000-00000000000C}.Release|Any CPU.ActiveCfg = Release|Any CPU
		{A100000C-0000-0000-0000-00000000000C}.Release|Any CPU.Build.0 = Release|Any CPU
		{A100000D-0000-0000-0000-00000000000D}.Debug|Any CPU.ActiveCfg = Debug|Any CPU
		{A100000D-0000-0000-0000-00000000000D}.Debug|Any CPU.Build.0 = Debug|Any CPU
		{A100000D-0000-0000-0000-00000000000D}.Release|Any CPU.ActiveCfg = Release|Any CPU
		{A100000D-0000-0000-0000-00000000000D}.Release|Any CPU.Build.0 = Release|Any CPU
		{A100000E-0000-0000-0000-00000000000E}.Debug|Any CPU.ActiveCfg = Debug|Any CPU
		{A100000E-0000-0000-0000-00000000000E}.Debug|Any CPU.Build.0 = Debug|Any CPU
		{A100000E-0000-0000-0000-00000000000E}.Release|Any CPU.ActiveCfg = Release|Any CPU
		{A100000E-0000-0000-0000-00000000000E}.Release|Any CPU.Build.0 = Release|Any CPU
		{A100000F-0000-0000-0000-00000000000F}.Debug|Any CPU.ActiveCfg = Debug|Any CPU
		{A100000F-0000-0000-0000-00000000000F}.Debug|Any CPU.Build.0 = Debug|Any CPU
		{A100000F-0000-0000-0000-00000000000F}.Release|Any CPU.ActiveCfg = Release|Any CPU
		{A100000F-0000-0000-0000-00000000000F}.Release|Any CPU.Build.0 = Release|Any CPU
		{A1000010-0000-0000-0000-000000000010}.Debug|Any CPU.ActiveCfg = Debug|Any CPU
		{A1000010-0000-0000-0000-000000000010}.Debug|Any CPU.Build.0 = Debug|Any CPU
		{A1000010-0000-0000-0000-000000000010}.Release|Any CPU.ActiveCfg = Release|Any CPU
		{A1000010-0000-0000-0000-000000000010}.Release|Any CPU.Build.0 = Release|Any CPU
		{A1000011-0000-0000-0000-000000000011}.Debug|Any CPU.ActiveCfg = Debug|Any CPU
		{A1000011-0000-0000-0000-000000000011}.Debug|Any CPU.Build.0 = Debug|Any CPU
		{A1000011-0000-0000-0000-000000000011}.Release|Any CPU.ActiveCfg = Release|Any CPU
		{A1000011-0000-0000-0000-000000000011}.Release|Any CPU.Build.0 = Release|Any CPU
		{A1000012-0000-0000-0000-000000000012}.Debug|Any CPU.ActiveCfg = Debug|Any CPU
		{A1000012-0000-0000-0000-000000000012}.Debug|Any CPU.Build.0 = Debug|Any CPU
		{A1000012-0000-0000-0000-000000000012}.Release|Any CPU.ActiveCfg = Release|Any CPU
		{A1000012-0000-0000-0000-000000000012}.Release|Any CPU.Build.0 = Release|Any CPU
		{A1000013-0000-0000-0000-000000000013}.Debug|Any CPU.ActiveCfg = Debug|Any CPU
		{A1000013-0000-0000-0000-000000000013}.Debug|Any CPU.Build.0 = Debug|Any CPU
		{A1000013-0000-0000-0000-000000000013}.Release|Any CPU.ActiveCfg = Release|Any CPU
		{A1000013-0000-0000-0000-000000000013}.Release|Any CPU.Build.0 = Release|Any CPU
		{A1000014-0000-0000-0000-000000000014}.Debug|Any CPU.ActiveCfg = Debug|Any CPU
		{A1000014-0000-0000-0000-000000000014}.Debug|Any CPU.Build.0 = Debug|Any CPU
		{A1000014-0000-0000-0000-000000000014}.Release|Any CPU.ActiveCfg = Release|Any CPU
		{A1000014-0000-0000-0000-000000000014}.Release|Any CPU.Build.0 = Release|Any CPU
		{6A9397B0-1C40-4031-ADC0-B0EE77180F68}.Debug|Any CPU.ActiveCfg = Debug|Any CPU
		{6A9397B0-1C40-4031-ADC0-B0EE77180F68}.Debug|Any CPU.Build.0 = Debug|Any CPU
		{6A9397B0-1C40-4031-ADC0-B0EE77180F68}.Debug|x64.ActiveCfg = Debug|Any CPU
		{6A9397B0-1C40-4031-ADC0-B0EE77180F68}.Debug|x64.Build.0 = Debug|Any CPU
		{6A9397B0-1C40-4031-ADC0-B0EE77180F68}.Debug|x86.ActiveCfg = Debug|Any CPU
		{6A9397B0-1C40-4031-ADC0-B0EE77180F68}.Debug|x86.Build.0 = Debug|Any CPU
		{6A9397B0-1C40-4031-ADC0-B0EE77180F68}.Release|Any CPU.ActiveCfg = Release|Any CPU
		{6A9397B0-1C40-4031-ADC0-B0EE77180F68}.Release|Any CPU.Build.0 = Release|Any CPU
		{6A9397B0-1C40-4031-ADC0-B0EE77180F68}.Release|x64.ActiveCfg = Release|Any CPU
		{6A9397B0-1C40-4031-ADC0-B0EE77180F68}.Release|x64.Build.0 = Release|Any CPU
		{6A9397B0-1C40-4031-ADC0-B0EE77180F68}.Release|x86.ActiveCfg = Release|Any CPU
		{6A9397B0-1C40-4031-ADC0-B0EE77180F68}.Release|x86.Build.0 = Release|Any CPU
		{08081E58-5598-4004-84E4-AE5CA2210A45}.Debug|Any CPU.ActiveCfg = Debug|Any CPU
		{08081E58-5598-4004-84E4-AE5CA2210A45}.Debug|Any CPU.Build.0 = Debug|Any CPU
		{08081E58-5598-4004-84E4-AE5CA2210A45}.Debug|x64.ActiveCfg = Debug|Any CPU
		{08081E58-5598-4004-84E4-AE5CA2210A45}.Debug|x64.Build.0 = Debug|Any CPU
		{08081E58-5598-4004-84E4-AE5CA2210A45}.Debug|x86.ActiveCfg = Debug|Any CPU
		{08081E58-5598-4004-84E4-AE5CA2210A45}.Debug|x86.Build.0 = Debug|Any CPU
		{08081E58-5598-4004-84E4-AE5CA2210A45}.Release|Any CPU.ActiveCfg = Release|Any CPU
		{08081E58-5598-4004-84E4-AE5CA2210A45}.Release|Any CPU.Build.0 = Release|Any CPU
		{08081E58-5598-4004-84E4-AE5CA2210A45}.Release|x64.ActiveCfg = Release|Any CPU
		{08081E58-5598-4004-84E4-AE5CA2210A45}.Release|x64.Build.0 = Release|Any CPU
		{08081E58-5598-4004-84E4-AE5CA2210A45}.Release|x86.ActiveCfg = Release|Any CPU
		{08081E58-5598-4004-84E4-AE5CA2210A45}.Release|x86.Build.0 = Release|Any CPU
		{36345336-F6CB-4BC8-A28D-BBC026E4E84A}.Debug|Any CPU.ActiveCfg = Debug|Any CPU
		{36345336-F6CB-4BC8-A28D-BBC026E4E84A}.Debug|Any CPU.Build.0 = Debug|Any CPU
		{36345336-F6CB-4BC8-A28D-BBC026E4E84A}.Debug|x64.ActiveCfg = Debug|Any CPU
		{36345336-F6CB-4BC8-A28D-BBC026E4E84A}.Debug|x64.Build.0 = Debug|Any CPU
		{36345336-F6CB-4BC8-A28D-BBC026E4E84A}.Debug|x86.ActiveCfg = Debug|Any CPU
		{36345336-F6CB-4BC8-A28D-BBC026E4E84A}.Debug|x86.Build.0 = Debug|Any CPU
		{36345336-F6CB-4BC8-A28D-BBC026E4E84A}.Release|Any CPU.ActiveCfg = Release|Any CPU
		{36345336-F6CB-4BC8-A28D-BBC026E4E84A}.Release|Any CPU.Build.0 = Release|Any CPU
		{36345336-F6CB-4BC8-A28D-BBC026E4E84A}.Release|x64.ActiveCfg = Release|Any CPU
		{36345336-F6CB-4BC8-A28D-BBC026E4E84A}.Release|x64.Build.0 = Release|Any CPU
		{36345336-F6CB-4BC8-A28D-BBC026E4E84A}.Release|x86.ActiveCfg = Release|Any CPU
		{36345336-F6CB-4BC8-A28D-BBC026E4E84A}.Release|x86.Build.0 = Release|Any CPU
		{19067105-2915-46EE-9316-1DF8F2373F61}.Debug|Any CPU.ActiveCfg = Debug|Any CPU
		{19067105-2915-46EE-9316-1DF8F2373F61}.Debug|Any CPU.Build.0 = Debug|Any CPU
		{19067105-2915-46EE-9316-1DF8F2373F61}.Debug|x64.ActiveCfg = Debug|Any CPU
		{19067105-2915-46EE-9316-1DF8F2373F61}.Debug|x64.Build.0 = Debug|Any CPU
		{19067105-2915-46EE-9316-1DF8F2373F61}.Debug|x86.ActiveCfg = Debug|Any CPU
		{19067105-2915-46EE-9316-1DF8F2373F61}.Debug|x86.Build.0 = Debug|Any CPU
		{19067105-2915-46EE-9316-1DF8F2373F61}.Release|Any CPU.ActiveCfg = Release|Any CPU
		{19067105-2915-46EE-9316-1DF8F2373F61}.Release|Any CPU.Build.0 = Release|Any CPU
		{19067105-2915-46EE-9316-1DF8F2373F61}.Release|x64.ActiveCfg = Release|Any CPU
		{19067105-2915-46EE-9316-1DF8F2373F61}.Release|x64.Build.0 = Release|Any CPU
		{19067105-2915-46EE-9316-1DF8F2373F61}.Release|x86.ActiveCfg = Release|Any CPU
		{19067105-2915-46EE-9316-1DF8F2373F61}.Release|x86.Build.0 = Release|Any CPU
		{CF3FDDAF-0E8C-4AC6-8A6B-8389093849D9}.Debug|Any CPU.ActiveCfg = Debug|Any CPU
		{CF3FDDAF-0E8C-4AC6-8A6B-8389093849D9}.Debug|Any CPU.Build.0 = Debug|Any CPU
		{CF3FDDAF-0E8C-4AC6-8A6B-8389093849D9}.Debug|x64.ActiveCfg = Debug|Any CPU
		{CF3FDDAF-0E8C-4AC6-8A6B-8389093849D9}.Debug|x64.Build.0 = Debug|Any CPU
		{CF3FDDAF-0E8C-4AC6-8A6B-8389093849D9}.Debug|x86.ActiveCfg = Debug|Any CPU
		{CF3FDDAF-0E8C-4AC6-8A6B-8389093849D9}.Debug|x86.Build.0 = Debug|Any CPU
		{CF3FDDAF-0E8C-4AC6-8A6B-8389093849D9}.Release|Any CPU.ActiveCfg = Release|Any CPU
		{CF3FDDAF-0E8C-4AC6-8A6B-8389093849D9}.Release|Any CPU.Build.0 = Release|Any CPU
		{CF3FDDAF-0E8C-4AC6-8A6B-8389093849D9}.Release|x64.ActiveCfg = Release|Any CPU
		{CF3FDDAF-0E8C-4AC6-8A6B-8389093849D9}.Release|x64.Build.0 = Release|Any CPU
		{CF3FDDAF-0E8C-4AC6-8A6B-8389093849D9}.Release|x86.ActiveCfg = Release|Any CPU
		{CF3FDDAF-0E8C-4AC6-8A6B-8389093849D9}.Release|x86.Build.0 = Release|Any CPU
		{F6FBACCE-AB10-4ADA-BA4E-B1490EE1C2A1}.Debug|Any CPU.ActiveCfg = Debug|Any CPU
		{F6FBACCE-AB10-4ADA-BA4E-B1490EE1C2A1}.Debug|Any CPU.Build.0 = Debug|Any CPU
		{F6FBACCE-AB10-4ADA-BA4E-B1490EE1C2A1}.Debug|x64.ActiveCfg = Debug|Any CPU
		{F6FBACCE-AB10-4ADA-BA4E-B1490EE1C2A1}.Debug|x64.Build.0 = Debug|Any CPU
		{F6FBACCE-AB10-4ADA-BA4E-B1490EE1C2A1}.Debug|x86.ActiveCfg = Debug|Any CPU
		{F6FBACCE-AB10-4ADA-BA4E-B1490EE1C2A1}.Debug|x86.Build.0 = Debug|Any CPU
		{F6FBACCE-AB10-4ADA-BA4E-B1490EE1C2A1}.Release|Any CPU.ActiveCfg = Release|Any CPU
		{F6FBACCE-AB10-4ADA-BA4E-B1490EE1C2A1}.Release|Any CPU.Build.0 = Release|Any CPU
		{F6FBACCE-AB10-4ADA-BA4E-B1490EE1C2A1}.Release|x64.ActiveCfg = Release|Any CPU
		{F6FBACCE-AB10-4ADA-BA4E-B1490EE1C2A1}.Release|x64.Build.0 = Release|Any CPU
		{F6FBACCE-AB10-4ADA-BA4E-B1490EE1C2A1}.Release|x86.ActiveCfg = Release|Any CPU
		{F6FBACCE-AB10-4ADA-BA4E-B1490EE1C2A1}.Release|x86.Build.0 = Release|Any CPU
		{2FF780BA-9D3D-4FD3-A373-6B32F052C658}.Debug|Any CPU.ActiveCfg = Debug|Any CPU
		{2FF780BA-9D3D-4FD3-A373-6B32F052C658}.Debug|Any CPU.Build.0 = Debug|Any CPU
		{2FF780BA-9D3D-4FD3-A373-6B32F052C658}.Debug|x64.ActiveCfg = Debug|Any CPU
		{2FF780BA-9D3D-4FD3-A373-6B32F052C658}.Debug|x64.Build.0 = Debug|Any CPU
		{2FF780BA-9D3D-4FD3-A373-6B32F052C658}.Debug|x86.ActiveCfg = Debug|Any CPU
		{2FF780BA-9D3D-4FD3-A373-6B32F052C658}.Debug|x86.Build.0 = Debug|Any CPU
		{2FF780BA-9D3D-4FD3-A373-6B32F052C658}.Release|Any CPU.ActiveCfg = Release|Any CPU
		{2FF780BA-9D3D-4FD3-A373-6B32F052C658}.Release|Any CPU.Build.0 = Release|Any CPU
		{2FF780BA-9D3D-4FD3-A373-6B32F052C658}.Release|x64.ActiveCfg = Release|Any CPU
		{2FF780BA-9D3D-4FD3-A373-6B32F052C658}.Release|x64.Build.0 = Release|Any CPU
		{2FF780BA-9D3D-4FD3-A373-6B32F052C658}.Release|x86.ActiveCfg = Release|Any CPU
		{2FF780BA-9D3D-4FD3-A373-6B32F052C658}.Release|x86.Build.0 = Release|Any CPU
		{DA96BEE0-EBE3-46AE-95EF-95D29E84C7F4}.Debug|Any CPU.ActiveCfg = Debug|Any CPU
		{DA96BEE0-EBE3-46AE-95EF-95D29E84C7F4}.Debug|Any CPU.Build.0 = Debug|Any CPU
		{DA96BEE0-EBE3-46AE-95EF-95D29E84C7F4}.Debug|x64.ActiveCfg = Debug|Any CPU
		{DA96BEE0-EBE3-46AE-95EF-95D29E84C7F4}.Debug|x64.Build.0 = Debug|Any CPU
		{DA96BEE0-EBE3-46AE-95EF-95D29E84C7F4}.Debug|x86.ActiveCfg = Debug|Any CPU
		{DA96BEE0-EBE3-46AE-95EF-95D29E84C7F4}.Debug|x86.Build.0 = Debug|Any CPU
		{DA96BEE0-EBE3-46AE-95EF-95D29E84C7F4}.Release|Any CPU.ActiveCfg = Release|Any CPU
		{DA96BEE0-EBE3-46AE-95EF-95D29E84C7F4}.Release|Any CPU.Build.0 = Release|Any CPU
		{DA96BEE0-EBE3-46AE-95EF-95D29E84C7F4}.Release|x64.ActiveCfg = Release|Any CPU
		{DA96BEE0-EBE3-46AE-95EF-95D29E84C7F4}.Release|x64.Build.0 = Release|Any CPU
		{DA96BEE0-EBE3-46AE-95EF-95D29E84C7F4}.Release|x86.ActiveCfg = Release|Any CPU
		{DA96BEE0-EBE3-46AE-95EF-95D29E84C7F4}.Release|x86.Build.0 = Release|Any CPU
		{903DECF0-DD33-44B0-B921-8618A3111295}.Debug|Any CPU.ActiveCfg = Debug|Any CPU
		{903DECF0-DD33-44B0-B921-8618A3111295}.Debug|Any CPU.Build.0 = Debug|Any CPU
		{903DECF0-DD33-44B0-B921-8618A3111295}.Debug|x64.ActiveCfg = Debug|Any CPU
		{903DECF0-DD33-44B0-B921-8618A3111295}.Debug|x64.Build.0 = Debug|Any CPU
		{903DECF0-DD33-44B0-B921-8618A3111295}.Debug|x86.ActiveCfg = Debug|Any CPU
		{903DECF0-DD33-44B0-B921-8618A3111295}.Debug|x86.Build.0 = Debug|Any CPU
		{903DECF0-DD33-44B0-B921-8618A3111295}.Release|Any CPU.ActiveCfg = Release|Any CPU
		{903DECF0-DD33-44B0-B921-8618A3111295}.Release|Any CPU.Build.0 = Release|Any CPU
		{903DECF0-DD33-44B0-B921-8618A3111295}.Release|x64.ActiveCfg = Release|Any CPU
		{903DECF0-DD33-44B0-B921-8618A3111295}.Release|x64.Build.0 = Release|Any CPU
		{903DECF0-DD33-44B0-B921-8618A3111295}.Release|x86.ActiveCfg = Release|Any CPU
		{903DECF0-DD33-44B0-B921-8618A3111295}.Release|x86.Build.0 = Release|Any CPU
		{10041B7D-01FA-4435-9B5B-1449D09A6CE8}.Debug|Any CPU.ActiveCfg = Debug|Any CPU
		{10041B7D-01FA-4435-9B5B-1449D09A6CE8}.Debug|Any CPU.Build.0 = Debug|Any CPU
		{10041B7D-01FA-4435-9B5B-1449D09A6CE8}.Debug|x64.ActiveCfg = Debug|Any CPU
		{10041B7D-01FA-4435-9B5B-1449D09A6CE8}.Debug|x64.Build.0 = Debug|Any CPU
		{10041B7D-01FA-4435-9B5B-1449D09A6CE8}.Debug|x86.ActiveCfg = Debug|Any CPU
		{10041B7D-01FA-4435-9B5B-1449D09A6CE8}.Debug|x86.Build.0 = Debug|Any CPU
		{10041B7D-01FA-4435-9B5B-1449D09A6CE8}.Release|Any CPU.ActiveCfg = Release|Any CPU
		{10041B7D-01FA-4435-9B5B-1449D09A6CE8}.Release|Any CPU.Build.0 = Release|Any CPU
		{10041B7D-01FA-4435-9B5B-1449D09A6CE8}.Release|x64.ActiveCfg = Release|Any CPU
		{10041B7D-01FA-4435-9B5B-1449D09A6CE8}.Release|x64.Build.0 = Release|Any CPU
		{10041B7D-01FA-4435-9B5B-1449D09A6CE8}.Release|x86.ActiveCfg = Release|Any CPU
		{10041B7D-01FA-4435-9B5B-1449D09A6CE8}.Release|x86.Build.0 = Release|Any CPU
		{8B860623-0610-441D-BDB6-2D0CD7050881}.Debug|Any CPU.ActiveCfg = Debug|Any CPU
		{8B860623-0610-441D-BDB6-2D0CD7050881}.Debug|Any CPU.Build.0 = Debug|Any CPU
		{8B860623-0610-441D-BDB6-2D0CD7050881}.Debug|x64.ActiveCfg = Debug|Any CPU
		{8B860623-0610-441D-BDB6-2D0CD7050881}.Debug|x64.Build.0 = Debug|Any CPU
		{8B860623-0610-441D-BDB6-2D0CD7050881}.Debug|x86.ActiveCfg = Debug|Any CPU
		{8B860623-0610-441D-BDB6-2D0CD7050881}.Debug|x86.Build.0 = Debug|Any CPU
		{8B860623-0610-441D-BDB6-2D0CD7050881}.Release|Any CPU.ActiveCfg = Release|Any CPU
		{8B860623-0610-441D-BDB6-2D0CD7050881}.Release|Any CPU.Build.0 = Release|Any CPU
		{8B860623-0610-441D-BDB6-2D0CD7050881}.Release|x64.ActiveCfg = Release|Any CPU
		{8B860623-0610-441D-BDB6-2D0CD7050881}.Release|x64.Build.0 = Release|Any CPU
		{8B860623-0610-441D-BDB6-2D0CD7050881}.Release|x86.ActiveCfg = Release|Any CPU
		{8B860623-0610-441D-BDB6-2D0CD7050881}.Release|x86.Build.0 = Release|Any CPU
		{EDBCFE0B-D5F1-4644-8BA4-5384AB645703}.Debug|Any CPU.ActiveCfg = Debug|Any CPU
		{EDBCFE0B-D5F1-4644-8BA4-5384AB645703}.Debug|Any CPU.Build.0 = Debug|Any CPU
		{EDBCFE0B-D5F1-4644-8BA4-5384AB645703}.Debug|x64.ActiveCfg = Debug|Any CPU
		{EDBCFE0B-D5F1-4644-8BA4-5384AB645703}.Debug|x64.Build.0 = Debug|Any CPU
		{EDBCFE0B-D5F1-4644-8BA4-5384AB645703}.Debug|x86.ActiveCfg = Debug|Any CPU
		{EDBCFE0B-D5F1-4644-8BA4-5384AB645703}.Debug|x86.Build.0 = Debug|Any CPU
		{EDBCFE0B-D5F1-4644-8BA4-5384AB645703}.Release|Any CPU.ActiveCfg = Release|Any CPU
		{EDBCFE0B-D5F1-4644-8BA4-5384AB645703}.Release|Any CPU.Build.0 = Release|Any CPU
		{EDBCFE0B-D5F1-4644-8BA4-5384AB645703}.Release|x64.ActiveCfg = Release|Any CPU
		{EDBCFE0B-D5F1-4644-8BA4-5384AB645703}.Release|x64.Build.0 = Release|Any CPU
		{EDBCFE0B-D5F1-4644-8BA4-5384AB645703}.Release|x86.ActiveCfg = Release|Any CPU
		{EDBCFE0B-D5F1-4644-8BA4-5384AB645703}.Release|x86.Build.0 = Release|Any CPU
		{F6F7DDF4-1A77-48C4-801F-E8268325B8FF}.Debug|Any CPU.ActiveCfg = Debug|Any CPU
		{F6F7DDF4-1A77-48C4-801F-E8268325B8FF}.Debug|Any CPU.Build.0 = Debug|Any CPU
		{F6F7DDF4-1A77-48C4-801F-E8268325B8FF}.Debug|x64.ActiveCfg = Debug|Any CPU
		{F6F7DDF4-1A77-48C4-801F-E8268325B8FF}.Debug|x64.Build.0 = Debug|Any CPU
		{F6F7DDF4-1A77-48C4-801F-E8268325B8FF}.Debug|x86.ActiveCfg = Debug|Any CPU
		{F6F7DDF4-1A77-48C4-801F-E8268325B8FF}.Debug|x86.Build.0 = Debug|Any CPU
		{F6F7DDF4-1A77-48C4-801F-E8268325B8FF}.Release|Any CPU.ActiveCfg = Release|Any CPU
		{F6F7DDF4-1A77-48C4-801F-E8268325B8FF}.Release|Any CPU.Build.0 = Release|Any CPU
		{F6F7DDF4-1A77-48C4-801F-E8268325B8FF}.Release|x64.ActiveCfg = Release|Any CPU
		{F6F7DDF4-1A77-48C4-801F-E8268325B8FF}.Release|x64.Build.0 = Release|Any CPU
		{F6F7DDF4-1A77-48C4-801F-E8268325B8FF}.Release|x86.ActiveCfg = Release|Any CPU
		{F6F7DDF4-1A77-48C4-801F-E8268325B8FF}.Release|x86.Build.0 = Release|Any CPU
		{5915D2A1-0E5A-4306-9538-18B4106623CD}.Debug|Any CPU.ActiveCfg = Debug|Any CPU
		{5915D2A1-0E5A-4306-9538-18B4106623CD}.Debug|Any CPU.Build.0 = Debug|Any CPU
		{5915D2A1-0E5A-4306-9538-18B4106623CD}.Debug|x64.ActiveCfg = Debug|Any CPU
		{5915D2A1-0E5A-4306-9538-18B4106623CD}.Debug|x64.Build.0 = Debug|Any CPU
		{5915D2A1-0E5A-4306-9538-18B4106623CD}.Debug|x86.ActiveCfg = Debug|Any CPU
		{5915D2A1-0E5A-4306-9538-18B4106623CD}.Debug|x86.Build.0 = Debug|Any CPU
		{5915D2A1-0E5A-4306-9538-18B4106623CD}.Release|Any CPU.ActiveCfg = Release|Any CPU
		{5915D2A1-0E5A-4306-9538-18B4106623CD}.Release|Any CPU.Build.0 = Release|Any CPU
		{5915D2A1-0E5A-4306-9538-18B4106623CD}.Release|x64.ActiveCfg = Release|Any CPU
		{5915D2A1-0E5A-4306-9538-18B4106623CD}.Release|x64.Build.0 = Release|Any CPU
		{5915D2A1-0E5A-4306-9538-18B4106623CD}.Release|x86.ActiveCfg = Release|Any CPU
		{5915D2A1-0E5A-4306-9538-18B4106623CD}.Release|x86.Build.0 = Release|Any CPU
		{A1000015-0000-0000-0000-000000000015}.Debug|Any CPU.ActiveCfg = Debug|Any CPU
		{A1000015-0000-0000-0000-000000000015}.Debug|Any CPU.Build.0 = Debug|Any CPU
		{A1000015-0000-0000-0000-000000000015}.Debug|x64.ActiveCfg = Debug|Any CPU
		{A1000015-0000-0000-0000-000000000015}.Debug|x64.Build.0 = Debug|Any CPU
		{A1000015-0000-0000-0000-000000000015}.Debug|x86.ActiveCfg = Debug|Any CPU
		{A1000015-0000-0000-0000-000000000015}.Debug|x86.Build.0 = Debug|Any CPU
		{A1000015-0000-0000-0000-000000000015}.Release|Any CPU.ActiveCfg = Release|Any CPU
		{A1000015-0000-0000-0000-000000000015}.Release|Any CPU.Build.0 = Release|Any CPU
		{A1000015-0000-0000-0000-000000000015}.Release|x64.ActiveCfg = Release|Any CPU
		{A1000015-0000-0000-0000-000000000015}.Release|x64.Build.0 = Release|Any CPU
		{A1000015-0000-0000-0000-000000000015}.Release|x86.ActiveCfg = Release|Any CPU
		{A1000015-0000-0000-0000-000000000015}.Release|x86.Build.0 = Release|Any CPU
		{92B44B90-E87F-488E-8604-A3C1D7161D70}.Debug|Any CPU.ActiveCfg = Debug|Any CPU
		{92B44B90-E87F-488E-8604-A3C1D7161D70}.Debug|Any CPU.Build.0 = Debug|Any CPU
		{92B44B90-E87F-488E-8604-A3C1D7161D70}.Debug|x64.ActiveCfg = Debug|Any CPU
		{92B44B90-E87F-488E-8604-A3C1D7161D70}.Debug|x64.Build.0 = Debug|Any CPU
		{92B44B90-E87F-488E-8604-A3C1D7161D70}.Debug|x86.ActiveCfg = Debug|Any CPU
		{92B44B90-E87F-488E-8604-A3C1D7161D70}.Debug|x86.Build.0 = Debug|Any CPU
		{92B44B90-E87F-488E-8604-A3C1D7161D70}.Release|Any CPU.ActiveCfg = Release|Any CPU
		{92B44B90-E87F-488E-8604-A3C1D7161D70}.Release|Any CPU.Build.0 = Release|Any CPU
		{92B44B90-E87F-488E-8604-A3C1D7161D70}.Release|x64.ActiveCfg = Release|Any CPU
		{92B44B90-E87F-488E-8604-A3C1D7161D70}.Release|x64.Build.0 = Release|Any CPU
		{92B44B90-E87F-488E-8604-A3C1D7161D70}.Release|x86.ActiveCfg = Release|Any CPU
		{92B44B90-E87F-488E-8604-A3C1D7161D70}.Release|x86.Build.0 = Release|Any CPU
		{79D1BE36-8769-4423-820B-FA5DF7DC9D08}.Debug|Any CPU.ActiveCfg = Debug|Any CPU
		{79D1BE36-8769-4423-820B-FA5DF7DC9D08}.Debug|Any CPU.Build.0 = Debug|Any CPU
		{79D1BE36-8769-4423-820B-FA5DF7DC9D08}.Debug|x64.ActiveCfg = Debug|Any CPU
		{79D1BE36-8769-4423-820B-FA5DF7DC9D08}.Debug|x64.Build.0 = Debug|Any CPU
		{79D1BE36-8769-4423-820B-FA5DF7DC9D08}.Debug|x86.ActiveCfg = Debug|Any CPU
		{79D1BE36-8769-4423-820B-FA5DF7DC9D08}.Debug|x86.Build.0 = Debug|Any CPU
		{79D1BE36-8769-4423-820B-FA5DF7DC9D08}.Release|Any CPU.ActiveCfg = Release|Any CPU
		{79D1BE36-8769-4423-820B-FA5DF7DC9D08}.Release|Any CPU.Build.0 = Release|Any CPU
		{79D1BE36-8769-4423-820B-FA5DF7DC9D08}.Release|x64.ActiveCfg = Release|Any CPU
		{79D1BE36-8769-4423-820B-FA5DF7DC9D08}.Release|x64.Build.0 = Release|Any CPU
		{79D1BE36-8769-4423-820B-FA5DF7DC9D08}.Release|x86.ActiveCfg = Release|Any CPU
		{79D1BE36-8769-4423-820B-FA5DF7DC9D08}.Release|x86.Build.0 = Release|Any CPU
		{40455CBA-C74B-4EB5-A997-AB31F0E8447E}.Debug|Any CPU.ActiveCfg = Debug|Any CPU
		{40455CBA-C74B-4EB5-A997-AB31F0E8447E}.Debug|Any CPU.Build.0 = Debug|Any CPU
		{40455CBA-C74B-4EB5-A997-AB31F0E8447E}.Debug|x64.ActiveCfg = Debug|Any CPU
		{40455CBA-C74B-4EB5-A997-AB31F0E8447E}.Debug|x64.Build.0 = Debug|Any CPU
		{40455CBA-C74B-4EB5-A997-AB31F0E8447E}.Debug|x86.ActiveCfg = Debug|Any CPU
		{40455CBA-C74B-4EB5-A997-AB31F0E8447E}.Debug|x86.Build.0 = Debug|Any CPU
		{40455CBA-C74B-4EB5-A997-AB31F0E8447E}.Release|Any CPU.ActiveCfg = Release|Any CPU
		{40455CBA-C74B-4EB5-A997-AB31F0E8447E}.Release|Any CPU.Build.0 = Release|Any CPU
		{40455CBA-C74B-4EB5-A997-AB31F0E8447E}.Release|x64.ActiveCfg = Release|Any CPU
		{40455CBA-C74B-4EB5-A997-AB31F0E8447E}.Release|x64.Build.0 = Release|Any CPU
		{40455CBA-C74B-4EB5-A997-AB31F0E8447E}.Release|x86.ActiveCfg = Release|Any CPU
		{40455CBA-C74B-4EB5-A997-AB31F0E8447E}.Release|x86.Build.0 = Release|Any CPU
		{16B138BB-42A4-409B-9B94-1C53E5EC8FFD}.Debug|Any CPU.ActiveCfg = Debug|Any CPU
		{16B138BB-42A4-409B-9B94-1C53E5EC8FFD}.Debug|Any CPU.Build.0 = Debug|Any CPU
		{16B138BB-42A4-409B-9B94-1C53E5EC8FFD}.Debug|x64.ActiveCfg = Debug|Any CPU
		{16B138BB-42A4-409B-9B94-1C53E5EC8FFD}.Debug|x64.Build.0 = Debug|Any CPU
		{16B138BB-42A4-409B-9B94-1C53E5EC8FFD}.Debug|x86.ActiveCfg = Debug|Any CPU
		{16B138BB-42A4-409B-9B94-1C53E5EC8FFD}.Debug|x86.Build.0 = Debug|Any CPU
		{16B138BB-42A4-409B-9B94-1C53E5EC8FFD}.Release|Any CPU.ActiveCfg = Release|Any CPU
		{16B138BB-42A4-409B-9B94-1C53E5EC8FFD}.Release|Any CPU.Build.0 = Release|Any CPU
		{16B138BB-42A4-409B-9B94-1C53E5EC8FFD}.Release|x64.ActiveCfg = Release|Any CPU
		{16B138BB-42A4-409B-9B94-1C53E5EC8FFD}.Release|x64.Build.0 = Release|Any CPU
		{16B138BB-42A4-409B-9B94-1C53E5EC8FFD}.Release|x86.ActiveCfg = Release|Any CPU
		{16B138BB-42A4-409B-9B94-1C53E5EC8FFD}.Release|x86.Build.0 = Release|Any CPU
		{0DCDB855-9516-498D-9503-BC2AE2BF3BBC}.Debug|Any CPU.ActiveCfg = Debug|Any CPU
		{0DCDB855-9516-498D-9503-BC2AE2BF3BBC}.Debug|Any CPU.Build.0 = Debug|Any CPU
		{0DCDB855-9516-498D-9503-BC2AE2BF3BBC}.Debug|x64.ActiveCfg = Debug|Any CPU
		{0DCDB855-9516-498D-9503-BC2AE2BF3BBC}.Debug|x64.Build.0 = Debug|Any CPU
		{0DCDB855-9516-498D-9503-BC2AE2BF3BBC}.Debug|x86.ActiveCfg = Debug|Any CPU
		{0DCDB855-9516-498D-9503-BC2AE2BF3BBC}.Debug|x86.Build.0 = Debug|Any CPU
		{0DCDB855-9516-498D-9503-BC2AE2BF3BBC}.Release|Any CPU.ActiveCfg = Release|Any CPU
		{0DCDB855-9516-498D-9503-BC2AE2BF3BBC}.Release|Any CPU.Build.0 = Release|Any CPU
		{0DCDB855-9516-498D-9503-BC2AE2BF3BBC}.Release|x64.ActiveCfg = Release|Any CPU
		{0DCDB855-9516-498D-9503-BC2AE2BF3BBC}.Release|x64.Build.0 = Release|Any CPU
		{0DCDB855-9516-498D-9503-BC2AE2BF3BBC}.Release|x86.ActiveCfg = Release|Any CPU
		{0DCDB855-9516-498D-9503-BC2AE2BF3BBC}.Release|x86.Build.0 = Release|Any CPU
		{8EE7925B-3E51-412A-826B-DF80CD7CA8B6}.Debug|Any CPU.ActiveCfg = Debug|Any CPU
		{8EE7925B-3E51-412A-826B-DF80CD7CA8B6}.Debug|Any CPU.Build.0 = Debug|Any CPU
		{8EE7925B-3E51-412A-826B-DF80CD7CA8B6}.Debug|x64.ActiveCfg = Debug|Any CPU
		{8EE7925B-3E51-412A-826B-DF80CD7CA8B6}.Debug|x64.Build.0 = Debug|Any CPU
		{8EE7925B-3E51-412A-826B-DF80CD7CA8B6}.Debug|x86.ActiveCfg = Debug|Any CPU
		{8EE7925B-3E51-412A-826B-DF80CD7CA8B6}.Debug|x86.Build.0 = Debug|Any CPU
		{8EE7925B-3E51-412A-826B-DF80CD7CA8B6}.Release|Any CPU.ActiveCfg = Release|Any CPU
		{8EE7925B-3E51-412A-826B-DF80CD7CA8B6}.Release|Any CPU.Build.0 = Release|Any CPU
		{8EE7925B-3E51-412A-826B-DF80CD7CA8B6}.Release|x64.ActiveCfg = Release|Any CPU
		{8EE7925B-3E51-412A-826B-DF80CD7CA8B6}.Release|x64.Build.0 = Release|Any CPU
		{8EE7925B-3E51-412A-826B-DF80CD7CA8B6}.Release|x86.ActiveCfg = Release|Any CPU
		{8EE7925B-3E51-412A-826B-DF80CD7CA8B6}.Release|x86.Build.0 = Release|Any CPU
		{C79A5B62-DCA3-47CB-B3E0-0CC86F1CCFB4}.Debug|Any CPU.ActiveCfg = Debug|Any CPU
		{C79A5B62-DCA3-47CB-B3E0-0CC86F1CCFB4}.Debug|Any CPU.Build.0 = Debug|Any CPU
		{C79A5B62-DCA3-47CB-B3E0-0CC86F1CCFB4}.Debug|x64.ActiveCfg = Debug|Any CPU
		{C79A5B62-DCA3-47CB-B3E0-0CC86F1CCFB4}.Debug|x64.Build.0 = Debug|Any CPU
		{C79A5B62-DCA3-47CB-B3E0-0CC86F1CCFB4}.Debug|x86.ActiveCfg = Debug|Any CPU
		{C79A5B62-DCA3-47CB-B3E0-0CC86F1CCFB4}.Debug|x86.Build.0 = Debug|Any CPU
		{C79A5B62-DCA3-47CB-B3E0-0CC86F1CCFB4}.Release|Any CPU.ActiveCfg = Release|Any CPU
		{C79A5B62-DCA3-47CB-B3E0-0CC86F1CCFB4}.Release|Any CPU.Build.0 = Release|Any CPU
		{C79A5B62-DCA3-47CB-B3E0-0CC86F1CCFB4}.Release|x64.ActiveCfg = Release|Any CPU
		{C79A5B62-DCA3-47CB-B3E0-0CC86F1CCFB4}.Release|x64.Build.0 = Release|Any CPU
		{C79A5B62-DCA3-47CB-B3E0-0CC86F1CCFB4}.Release|x86.ActiveCfg = Release|Any CPU
		{C79A5B62-DCA3-47CB-B3E0-0CC86F1CCFB4}.Release|x86.Build.0 = Release|Any CPU
		{F79ED395-5E49-449E-9F52-850CC6602373}.Debug|Any CPU.ActiveCfg = Debug|Any CPU
		{F79ED395-5E49-449E-9F52-850CC6602373}.Debug|Any CPU.Build.0 = Debug|Any CPU
		{F79ED395-5E49-449E-9F52-850CC6602373}.Debug|x64.ActiveCfg = Debug|Any CPU
		{F79ED395-5E49-449E-9F52-850CC6602373}.Debug|x64.Build.0 = Debug|Any CPU
		{F79ED395-5E49-449E-9F52-850CC6602373}.Debug|x86.ActiveCfg = Debug|Any CPU
		{F79ED395-5E49-449E-9F52-850CC6602373}.Debug|x86.Build.0 = Debug|Any CPU
		{F79ED395-5E49-449E-9F52-850CC6602373}.Release|Any CPU.ActiveCfg = Release|Any CPU
		{F79ED395-5E49-449E-9F52-850CC6602373}.Release|Any CPU.Build.0 = Release|Any CPU
		{F79ED395-5E49-449E-9F52-850CC6602373}.Release|x64.ActiveCfg = Release|Any CPU
		{F79ED395-5E49-449E-9F52-850CC6602373}.Release|x64.Build.0 = Release|Any CPU
		{F79ED395-5E49-449E-9F52-850CC6602373}.Release|x86.ActiveCfg = Release|Any CPU
		{F79ED395-5E49-449E-9F52-850CC6602373}.Release|x86.Build.0 = Release|Any CPU
		{DD43F89D-78E6-4E95-AB15-95F98B82D2F9}.Debug|Any CPU.ActiveCfg = Debug|Any CPU
		{DD43F89D-78E6-4E95-AB15-95F98B82D2F9}.Debug|Any CPU.Build.0 = Debug|Any CPU
		{DD43F89D-78E6-4E95-AB15-95F98B82D2F9}.Debug|x64.ActiveCfg = Debug|Any CPU
		{DD43F89D-78E6-4E95-AB15-95F98B82D2F9}.Debug|x64.Build.0 = Debug|Any CPU
		{DD43F89D-78E6-4E95-AB15-95F98B82D2F9}.Debug|x86.ActiveCfg = Debug|Any CPU
		{DD43F89D-78E6-4E95-AB15-95F98B82D2F9}.Debug|x86.Build.0 = Debug|Any CPU
		{DD43F89D-78E6-4E95-AB15-95F98B82D2F9}.Release|Any CPU.ActiveCfg = Release|Any CPU
		{DD43F89D-78E6-4E95-AB15-95F98B82D2F9}.Release|Any CPU.Build.0 = Release|Any CPU
		{DD43F89D-78E6-4E95-AB15-95F98B82D2F9}.Release|x64.ActiveCfg = Release|Any CPU
		{DD43F89D-78E6-4E95-AB15-95F98B82D2F9}.Release|x64.Build.0 = Release|Any CPU
		{DD43F89D-78E6-4E95-AB15-95F98B82D2F9}.Release|x86.ActiveCfg = Release|Any CPU
		{DD43F89D-78E6-4E95-AB15-95F98B82D2F9}.Release|x86.Build.0 = Release|Any CPU
		{5D06ED34-1A6D-4C53-81C0-52811AF16581}.Debug|Any CPU.ActiveCfg = Debug|Any CPU
		{5D06ED34-1A6D-4C53-81C0-52811AF16581}.Debug|Any CPU.Build.0 = Debug|Any CPU
		{5D06ED34-1A6D-4C53-81C0-52811AF16581}.Debug|x64.ActiveCfg = Debug|Any CPU
		{5D06ED34-1A6D-4C53-81C0-52811AF16581}.Debug|x64.Build.0 = Debug|Any CPU
		{5D06ED34-1A6D-4C53-81C0-52811AF16581}.Debug|x86.ActiveCfg = Debug|Any CPU
		{5D06ED34-1A6D-4C53-81C0-52811AF16581}.Debug|x86.Build.0 = Debug|Any CPU
		{5D06ED34-1A6D-4C53-81C0-52811AF16581}.Release|Any CPU.ActiveCfg = Release|Any CPU
		{5D06ED34-1A6D-4C53-81C0-52811AF16581}.Release|Any CPU.Build.0 = Release|Any CPU
		{5D06ED34-1A6D-4C53-81C0-52811AF16581}.Release|x64.ActiveCfg = Release|Any CPU
		{5D06ED34-1A6D-4C53-81C0-52811AF16581}.Release|x64.Build.0 = Release|Any CPU
		{5D06ED34-1A6D-4C53-81C0-52811AF16581}.Release|x86.ActiveCfg = Release|Any CPU
		{5D06ED34-1A6D-4C53-81C0-52811AF16581}.Release|x86.Build.0 = Release|Any CPU
		{B76DCF25-7027-4B7D-9A51-DD3FF72C33F6}.Debug|Any CPU.ActiveCfg = Debug|Any CPU
		{B76DCF25-7027-4B7D-9A51-DD3FF72C33F6}.Debug|Any CPU.Build.0 = Debug|Any CPU
		{B76DCF25-7027-4B7D-9A51-DD3FF72C33F6}.Debug|x64.ActiveCfg = Debug|Any CPU
		{B76DCF25-7027-4B7D-9A51-DD3FF72C33F6}.Debug|x64.Build.0 = Debug|Any CPU
		{B76DCF25-7027-4B7D-9A51-DD3FF72C33F6}.Debug|x86.ActiveCfg = Debug|Any CPU
		{B76DCF25-7027-4B7D-9A51-DD3FF72C33F6}.Debug|x86.Build.0 = Debug|Any CPU
		{B76DCF25-7027-4B7D-9A51-DD3FF72C33F6}.Release|Any CPU.ActiveCfg = Release|Any CPU
		{B76DCF25-7027-4B7D-9A51-DD3FF72C33F6}.Release|Any CPU.Build.0 = Release|Any CPU
		{B76DCF25-7027-4B7D-9A51-DD3FF72C33F6}.Release|x64.ActiveCfg = Release|Any CPU
		{B76DCF25-7027-4B7D-9A51-DD3FF72C33F6}.Release|x64.Build.0 = Release|Any CPU
		{B76DCF25-7027-4B7D-9A51-DD3FF72C33F6}.Release|x86.ActiveCfg = Release|Any CPU
		{B76DCF25-7027-4B7D-9A51-DD3FF72C33F6}.Release|x86.Build.0 = Release|Any CPU
		{358DD5A8-4271-4445-ABA2-E58CB3431EA7}.Debug|Any CPU.ActiveCfg = Debug|Any CPU
		{358DD5A8-4271-4445-ABA2-E58CB3431EA7}.Debug|Any CPU.Build.0 = Debug|Any CPU
		{358DD5A8-4271-4445-ABA2-E58CB3431EA7}.Debug|x64.ActiveCfg = Debug|Any CPU
		{358DD5A8-4271-4445-ABA2-E58CB3431EA7}.Debug|x64.Build.0 = Debug|Any CPU
		{358DD5A8-4271-4445-ABA2-E58CB3431EA7}.Debug|x86.ActiveCfg = Debug|Any CPU
		{358DD5A8-4271-4445-ABA2-E58CB3431EA7}.Debug|x86.Build.0 = Debug|Any CPU
		{358DD5A8-4271-4445-ABA2-E58CB3431EA7}.Release|Any CPU.ActiveCfg = Release|Any CPU
		{358DD5A8-4271-4445-ABA2-E58CB3431EA7}.Release|Any CPU.Build.0 = Release|Any CPU
		{358DD5A8-4271-4445-ABA2-E58CB3431EA7}.Release|x64.ActiveCfg = Release|Any CPU
		{358DD5A8-4271-4445-ABA2-E58CB3431EA7}.Release|x64.Build.0 = Release|Any CPU
		{358DD5A8-4271-4445-ABA2-E58CB3431EA7}.Release|x86.ActiveCfg = Release|Any CPU
		{358DD5A8-4271-4445-ABA2-E58CB3431EA7}.Release|x86.Build.0 = Release|Any CPU
		{5E9EB7E3-8D4A-42A7-875D-46019F4D6821}.Debug|Any CPU.ActiveCfg = Debug|Any CPU
		{5E9EB7E3-8D4A-42A7-875D-46019F4D6821}.Debug|Any CPU.Build.0 = Debug|Any CPU
		{5E9EB7E3-8D4A-42A7-875D-46019F4D6821}.Debug|x64.ActiveCfg = Debug|Any CPU
		{5E9EB7E3-8D4A-42A7-875D-46019F4D6821}.Debug|x64.Build.0 = Debug|Any CPU
		{5E9EB7E3-8D4A-42A7-875D-46019F4D6821}.Debug|x86.ActiveCfg = Debug|Any CPU
		{5E9EB7E3-8D4A-42A7-875D-46019F4D6821}.Debug|x86.Build.0 = Debug|Any CPU
		{5E9EB7E3-8D4A-42A7-875D-46019F4D6821}.Release|Any CPU.ActiveCfg = Release|Any CPU
		{5E9EB7E3-8D4A-42A7-875D-46019F4D6821}.Release|Any CPU.Build.0 = Release|Any CPU
		{5E9EB7E3-8D4A-42A7-875D-46019F4D6821}.Release|x64.ActiveCfg = Release|Any CPU
		{5E9EB7E3-8D4A-42A7-875D-46019F4D6821}.Release|x64.Build.0 = Release|Any CPU
		{5E9EB7E3-8D4A-42A7-875D-46019F4D6821}.Release|x86.ActiveCfg = Release|Any CPU
		{5E9EB7E3-8D4A-42A7-875D-46019F4D6821}.Release|x86.Build.0 = Release|Any CPU
		{7B16A409-2018-4436-B4D6-5A7C3A82CACD}.Debug|Any CPU.ActiveCfg = Debug|Any CPU
		{7B16A409-2018-4436-B4D6-5A7C3A82CACD}.Debug|Any CPU.Build.0 = Debug|Any CPU
		{7B16A409-2018-4436-B4D6-5A7C3A82CACD}.Debug|x64.ActiveCfg = Debug|Any CPU
		{7B16A409-2018-4436-B4D6-5A7C3A82CACD}.Debug|x64.Build.0 = Debug|Any CPU
		{7B16A409-2018-4436-B4D6-5A7C3A82CACD}.Debug|x86.ActiveCfg = Debug|Any CPU
		{7B16A409-2018-4436-B4D6-5A7C3A82CACD}.Debug|x86.Build.0 = Debug|Any CPU
		{7B16A409-2018-4436-B4D6-5A7C3A82CACD}.Release|Any CPU.ActiveCfg = Release|Any CPU
		{7B16A409-2018-4436-B4D6-5A7C3A82CACD}.Release|Any CPU.Build.0 = Release|Any CPU
		{7B16A409-2018-4436-B4D6-5A7C3A82CACD}.Release|x64.ActiveCfg = Release|Any CPU
		{7B16A409-2018-4436-B4D6-5A7C3A82CACD}.Release|x64.Build.0 = Release|Any CPU
		{7B16A409-2018-4436-B4D6-5A7C3A82CACD}.Release|x86.ActiveCfg = Release|Any CPU
		{7B16A409-2018-4436-B4D6-5A7C3A82CACD}.Release|x86.Build.0 = Release|Any CPU
		{C814EB72-1EA7-4D9E-88D7-60CEC66332BE}.Debug|Any CPU.ActiveCfg = Debug|Any CPU
		{C814EB72-1EA7-4D9E-88D7-60CEC66332BE}.Debug|Any CPU.Build.0 = Debug|Any CPU
		{C814EB72-1EA7-4D9E-88D7-60CEC66332BE}.Debug|x64.ActiveCfg = Debug|Any CPU
		{C814EB72-1EA7-4D9E-88D7-60CEC66332BE}.Debug|x64.Build.0 = Debug|Any CPU
		{C814EB72-1EA7-4D9E-88D7-60CEC66332BE}.Debug|x86.ActiveCfg = Debug|Any CPU
		{C814EB72-1EA7-4D9E-88D7-60CEC66332BE}.Debug|x86.Build.0 = Debug|Any CPU
		{C814EB72-1EA7-4D9E-88D7-60CEC66332BE}.Release|Any CPU.ActiveCfg = Release|Any CPU
		{C814EB72-1EA7-4D9E-88D7-60CEC66332BE}.Release|Any CPU.Build.0 = Release|Any CPU
		{C814EB72-1EA7-4D9E-88D7-60CEC66332BE}.Release|x64.ActiveCfg = Release|Any CPU
		{C814EB72-1EA7-4D9E-88D7-60CEC66332BE}.Release|x64.Build.0 = Release|Any CPU
		{C814EB72-1EA7-4D9E-88D7-60CEC66332BE}.Release|x86.ActiveCfg = Release|Any CPU
		{C814EB72-1EA7-4D9E-88D7-60CEC66332BE}.Release|x86.Build.0 = Release|Any CPU
		{D137BD58-80A2-41C6-A8D4-6644DAF6DFB1}.Debug|Any CPU.ActiveCfg = Debug|Any CPU
		{D137BD58-80A2-41C6-A8D4-6644DAF6DFB1}.Debug|Any CPU.Build.0 = Debug|Any CPU
		{D137BD58-80A2-41C6-A8D4-6644DAF6DFB1}.Debug|x64.ActiveCfg = Debug|Any CPU
		{D137BD58-80A2-41C6-A8D4-6644DAF6DFB1}.Debug|x64.Build.0 = Debug|Any CPU
		{D137BD58-80A2-41C6-A8D4-6644DAF6DFB1}.Debug|x86.ActiveCfg = Debug|Any CPU
		{D137BD58-80A2-41C6-A8D4-6644DAF6DFB1}.Debug|x86.Build.0 = Debug|Any CPU
		{D137BD58-80A2-41C6-A8D4-6644DAF6DFB1}.Release|Any CPU.ActiveCfg = Release|Any CPU
		{D137BD58-80A2-41C6-A8D4-6644DAF6DFB1}.Release|Any CPU.Build.0 = Release|Any CPU
		{D137BD58-80A2-41C6-A8D4-6644DAF6DFB1}.Release|x64.ActiveCfg = Release|Any CPU
		{D137BD58-80A2-41C6-A8D4-6644DAF6DFB1}.Release|x64.Build.0 = Release|Any CPU
		{D137BD58-80A2-41C6-A8D4-6644DAF6DFB1}.Release|x86.ActiveCfg = Release|Any CPU
		{D137BD58-80A2-41C6-A8D4-6644DAF6DFB1}.Release|x86.Build.0 = Release|Any CPU
		{2E7833C9-8CE9-4D38-8F8B-09056D6B11FF}.Debug|Any CPU.ActiveCfg = Debug|Any CPU
		{2E7833C9-8CE9-4D38-8F8B-09056D6B11FF}.Debug|Any CPU.Build.0 = Debug|Any CPU
		{2E7833C9-8CE9-4D38-8F8B-09056D6B11FF}.Debug|x64.ActiveCfg = Debug|Any CPU
		{2E7833C9-8CE9-4D38-8F8B-09056D6B11FF}.Debug|x64.Build.0 = Debug|Any CPU
		{2E7833C9-8CE9-4D38-8F8B-09056D6B11FF}.Debug|x86.ActiveCfg = Debug|Any CPU
		{2E7833C9-8CE9-4D38-8F8B-09056D6B11FF}.Debug|x86.Build.0 = Debug|Any CPU
		{2E7833C9-8CE9-4D38-8F8B-09056D6B11FF}.Release|Any CPU.ActiveCfg = Release|Any CPU
		{2E7833C9-8CE9-4D38-8F8B-09056D6B11FF}.Release|Any CPU.Build.0 = Release|Any CPU
		{2E7833C9-8CE9-4D38-8F8B-09056D6B11FF}.Release|x64.ActiveCfg = Release|Any CPU
		{2E7833C9-8CE9-4D38-8F8B-09056D6B11FF}.Release|x64.Build.0 = Release|Any CPU
		{2E7833C9-8CE9-4D38-8F8B-09056D6B11FF}.Release|x86.ActiveCfg = Release|Any CPU
		{2E7833C9-8CE9-4D38-8F8B-09056D6B11FF}.Release|x86.Build.0 = Release|Any CPU
		{E6E9F891-9F38-4669-993F-AD9CCE3C8C2B}.Debug|Any CPU.ActiveCfg = Debug|Any CPU
		{E6E9F891-9F38-4669-993F-AD9CCE3C8C2B}.Debug|Any CPU.Build.0 = Debug|Any CPU
		{E6E9F891-9F38-4669-993F-AD9CCE3C8C2B}.Debug|x64.ActiveCfg = Debug|Any CPU
		{E6E9F891-9F38-4669-993F-AD9CCE3C8C2B}.Debug|x64.Build.0 = Debug|Any CPU
		{E6E9F891-9F38-4669-993F-AD9CCE3C8C2B}.Debug|x86.ActiveCfg = Debug|Any CPU
		{E6E9F891-9F38-4669-993F-AD9CCE3C8C2B}.Debug|x86.Build.0 = Debug|Any CPU
		{E6E9F891-9F38-4669-993F-AD9CCE3C8C2B}.Release|Any CPU.ActiveCfg = Release|Any CPU
		{E6E9F891-9F38-4669-993F-AD9CCE3C8C2B}.Release|Any CPU.Build.0 = Release|Any CPU
		{E6E9F891-9F38-4669-993F-AD9CCE3C8C2B}.Release|x64.ActiveCfg = Release|Any CPU
		{E6E9F891-9F38-4669-993F-AD9CCE3C8C2B}.Release|x64.Build.0 = Release|Any CPU
		{E6E9F891-9F38-4669-993F-AD9CCE3C8C2B}.Release|x86.ActiveCfg = Release|Any CPU
		{E6E9F891-9F38-4669-993F-AD9CCE3C8C2B}.Release|x86.Build.0 = Release|Any CPU
		{B9B2080E-DA7C-4D6A-A6D8-C1964BA2C4D1}.Debug|Any CPU.ActiveCfg = Debug|Any CPU
		{B9B2080E-DA7C-4D6A-A6D8-C1964BA2C4D1}.Debug|Any CPU.Build.0 = Debug|Any CPU
		{B9B2080E-DA7C-4D6A-A6D8-C1964BA2C4D1}.Debug|x64.ActiveCfg = Debug|Any CPU
		{B9B2080E-DA7C-4D6A-A6D8-C1964BA2C4D1}.Debug|x64.Build.0 = Debug|Any CPU
		{B9B2080E-DA7C-4D6A-A6D8-C1964BA2C4D1}.Debug|x86.ActiveCfg = Debug|Any CPU
		{B9B2080E-DA7C-4D6A-A6D8-C1964BA2C4D1}.Debug|x86.Build.0 = Debug|Any CPU
		{B9B2080E-DA7C-4D6A-A6D8-C1964BA2C4D1}.Release|Any CPU.ActiveCfg = Release|Any CPU
		{B9B2080E-DA7C-4D6A-A6D8-C1964BA2C4D1}.Release|Any CPU.Build.0 = Release|Any CPU
		{B9B2080E-DA7C-4D6A-A6D8-C1964BA2C4D1}.Release|x64.ActiveCfg = Release|Any CPU
		{B9B2080E-DA7C-4D6A-A6D8-C1964BA2C4D1}.Release|x64.Build.0 = Release|Any CPU
		{B9B2080E-DA7C-4D6A-A6D8-C1964BA2C4D1}.Release|x86.ActiveCfg = Release|Any CPU
		{B9B2080E-DA7C-4D6A-A6D8-C1964BA2C4D1}.Release|x86.Build.0 = Release|Any CPU
		{7DC64872-4497-4C2A-BBD8-D0022B902A39}.Debug|Any CPU.ActiveCfg = Debug|Any CPU
		{7DC64872-4497-4C2A-BBD8-D0022B902A39}.Debug|Any CPU.Build.0 = Debug|Any CPU
		{7DC64872-4497-4C2A-BBD8-D0022B902A39}.Debug|x64.ActiveCfg = Debug|Any CPU
		{7DC64872-4497-4C2A-BBD8-D0022B902A39}.Debug|x64.Build.0 = Debug|Any CPU
		{7DC64872-4497-4C2A-BBD8-D0022B902A39}.Debug|x86.ActiveCfg = Debug|Any CPU
		{7DC64872-4497-4C2A-BBD8-D0022B902A39}.Debug|x86.Build.0 = Debug|Any CPU
		{7DC64872-4497-4C2A-BBD8-D0022B902A39}.Release|Any CPU.ActiveCfg = Release|Any CPU
		{7DC64872-4497-4C2A-BBD8-D0022B902A39}.Release|Any CPU.Build.0 = Release|Any CPU
		{7DC64872-4497-4C2A-BBD8-D0022B902A39}.Release|x64.ActiveCfg = Release|Any CPU
		{7DC64872-4497-4C2A-BBD8-D0022B902A39}.Release|x64.Build.0 = Release|Any CPU
		{7DC64872-4497-4C2A-BBD8-D0022B902A39}.Release|x86.ActiveCfg = Release|Any CPU
		{7DC64872-4497-4C2A-BBD8-D0022B902A39}.Release|x86.Build.0 = Release|Any CPU
		{3AFF4CB4-E8E3-48CF-8864-1CD7FEAA2358}.Debug|Any CPU.ActiveCfg = Debug|Any CPU
		{3AFF4CB4-E8E3-48CF-8864-1CD7FEAA2358}.Debug|Any CPU.Build.0 = Debug|Any CPU
		{3AFF4CB4-E8E3-48CF-8864-1CD7FEAA2358}.Debug|x64.ActiveCfg = Debug|Any CPU
		{3AFF4CB4-E8E3-48CF-8864-1CD7FEAA2358}.Debug|x64.Build.0 = Debug|Any CPU
		{3AFF4CB4-E8E3-48CF-8864-1CD7FEAA2358}.Debug|x86.ActiveCfg = Debug|Any CPU
		{3AFF4CB4-E8E3-48CF-8864-1CD7FEAA2358}.Debug|x86.Build.0 = Debug|Any CPU
		{3AFF4CB4-E8E3-48CF-8864-1CD7FEAA2358}.Release|Any CPU.ActiveCfg = Release|Any CPU
		{3AFF4CB4-E8E3-48CF-8864-1CD7FEAA2358}.Release|Any CPU.Build.0 = Release|Any CPU
		{3AFF4CB4-E8E3-48CF-8864-1CD7FEAA2358}.Release|x64.ActiveCfg = Release|Any CPU
		{3AFF4CB4-E8E3-48CF-8864-1CD7FEAA2358}.Release|x64.Build.0 = Release|Any CPU
		{3AFF4CB4-E8E3-48CF-8864-1CD7FEAA2358}.Release|x86.ActiveCfg = Release|Any CPU
		{3AFF4CB4-E8E3-48CF-8864-1CD7FEAA2358}.Release|x86.Build.0 = Release|Any CPU
		{61BB9AD4-E585-4597-9ABA-36C269268CDC}.Debug|Any CPU.ActiveCfg = Debug|Any CPU
		{61BB9AD4-E585-4597-9ABA-36C269268CDC}.Debug|Any CPU.Build.0 = Debug|Any CPU
		{61BB9AD4-E585-4597-9ABA-36C269268CDC}.Debug|x64.ActiveCfg = Debug|Any CPU
		{61BB9AD4-E585-4597-9ABA-36C269268CDC}.Debug|x64.Build.0 = Debug|Any CPU
		{61BB9AD4-E585-4597-9ABA-36C269268CDC}.Debug|x86.ActiveCfg = Debug|Any CPU
		{61BB9AD4-E585-4597-9ABA-36C269268CDC}.Debug|x86.Build.0 = Debug|Any CPU
		{61BB9AD4-E585-4597-9ABA-36C269268CDC}.Release|Any CPU.ActiveCfg = Release|Any CPU
		{61BB9AD4-E585-4597-9ABA-36C269268CDC}.Release|Any CPU.Build.0 = Release|Any CPU
		{61BB9AD4-E585-4597-9ABA-36C269268CDC}.Release|x64.ActiveCfg = Release|Any CPU
		{61BB9AD4-E585-4597-9ABA-36C269268CDC}.Release|x64.Build.0 = Release|Any CPU
		{61BB9AD4-E585-4597-9ABA-36C269268CDC}.Release|x86.ActiveCfg = Release|Any CPU
		{61BB9AD4-E585-4597-9ABA-36C269268CDC}.Release|x86.Build.0 = Release|Any CPU
		{0B14DF6E-B216-4935-B47B-3C390F9E385F}.Debug|Any CPU.ActiveCfg = Debug|Any CPU
		{0B14DF6E-B216-4935-B47B-3C390F9E385F}.Debug|Any CPU.Build.0 = Debug|Any CPU
		{0B14DF6E-B216-4935-B47B-3C390F9E385F}.Debug|x64.ActiveCfg = Debug|Any CPU
		{0B14DF6E-B216-4935-B47B-3C390F9E385F}.Debug|x64.Build.0 = Debug|Any CPU
		{0B14DF6E-B216-4935-B47B-3C390F9E385F}.Debug|x86.ActiveCfg = Debug|Any CPU
		{0B14DF6E-B216-4935-B47B-3C390F9E385F}.Debug|x86.Build.0 = Debug|Any CPU
		{0B14DF6E-B216-4935-B47B-3C390F9E385F}.Release|Any CPU.ActiveCfg = Release|Any CPU
		{0B14DF6E-B216-4935-B47B-3C390F9E385F}.Release|Any CPU.Build.0 = Release|Any CPU
		{0B14DF6E-B216-4935-B47B-3C390F9E385F}.Release|x64.ActiveCfg = Release|Any CPU
		{0B14DF6E-B216-4935-B47B-3C390F9E385F}.Release|x64.Build.0 = Release|Any CPU
		{0B14DF6E-B216-4935-B47B-3C390F9E385F}.Release|x86.ActiveCfg = Release|Any CPU
		{0B14DF6E-B216-4935-B47B-3C390F9E385F}.Release|x86.Build.0 = Release|Any CPU
		{A1000016-0000-0000-0000-000000000016}.Debug|Any CPU.ActiveCfg = Debug|Any CPU
		{A1000016-0000-0000-0000-000000000016}.Debug|Any CPU.Build.0 = Debug|Any CPU
		{A1000016-0000-0000-0000-000000000016}.Debug|x64.ActiveCfg = Debug|Any CPU
		{A1000016-0000-0000-0000-000000000016}.Debug|x64.Build.0 = Debug|Any CPU
		{A1000016-0000-0000-0000-000000000016}.Debug|x86.ActiveCfg = Debug|Any CPU
		{A1000016-0000-0000-0000-000000000016}.Debug|x86.Build.0 = Debug|Any CPU
		{A1000016-0000-0000-0000-000000000016}.Release|Any CPU.ActiveCfg = Release|Any CPU
		{A1000016-0000-0000-0000-000000000016}.Release|Any CPU.Build.0 = Release|Any CPU
		{A1000016-0000-0000-0000-000000000016}.Release|x64.ActiveCfg = Release|Any CPU
		{A1000016-0000-0000-0000-000000000016}.Release|x64.Build.0 = Release|Any CPU
		{A1000016-0000-0000-0000-000000000016}.Release|x86.ActiveCfg = Release|Any CPU
		{A1000016-0000-0000-0000-000000000016}.Release|x86.Build.0 = Release|Any CPU
		{A1000017-0000-0000-0000-000000000017}.Debug|Any CPU.ActiveCfg = Debug|Any CPU
		{A1000017-0000-0000-0000-000000000017}.Debug|Any CPU.Build.0 = Debug|Any CPU
		{A1000017-0000-0000-0000-000000000017}.Debug|x64.ActiveCfg = Debug|Any CPU
		{A1000017-0000-0000-0000-000000000017}.Debug|x64.Build.0 = Debug|Any CPU
		{A1000017-0000-0000-0000-000000000017}.Debug|x86.ActiveCfg = Debug|Any CPU
		{A1000017-0000-0000-0000-000000000017}.Debug|x86.Build.0 = Debug|Any CPU
		{A1000017-0000-0000-0000-000000000017}.Release|Any CPU.ActiveCfg = Release|Any CPU
		{A1000017-0000-0000-0000-000000000017}.Release|Any CPU.Build.0 = Release|Any CPU
		{A1000017-0000-0000-0000-000000000017}.Release|x64.ActiveCfg = Release|Any CPU
		{A1000017-0000-0000-0000-000000000017}.Release|x64.Build.0 = Release|Any CPU
		{A1000017-0000-0000-0000-000000000017}.Release|x86.ActiveCfg = Release|Any CPU
		{A1000017-0000-0000-0000-000000000017}.Release|x86.Build.0 = Release|Any CPU
		{0A4DFD33-54F6-4CAC-9903-534E1B092924}.Debug|Any CPU.ActiveCfg = Debug|Any CPU
		{0A4DFD33-54F6-4CAC-9903-534E1B092924}.Debug|Any CPU.Build.0 = Debug|Any CPU
		{0A4DFD33-54F6-4CAC-9903-534E1B092924}.Debug|x64.ActiveCfg = Debug|Any CPU
		{0A4DFD33-54F6-4CAC-9903-534E1B092924}.Debug|x64.Build.0 = Debug|Any CPU
		{0A4DFD33-54F6-4CAC-9903-534E1B092924}.Debug|x86.ActiveCfg = Debug|Any CPU
		{0A4DFD33-54F6-4CAC-9903-534E1B092924}.Debug|x86.Build.0 = Debug|Any CPU
		{0A4DFD33-54F6-4CAC-9903-534E1B092924}.Release|Any CPU.ActiveCfg = Release|Any CPU
		{0A4DFD33-54F6-4CAC-9903-534E1B092924}.Release|Any CPU.Build.0 = Release|Any CPU
		{0A4DFD33-54F6-4CAC-9903-534E1B092924}.Release|x64.ActiveCfg = Release|Any CPU
		{0A4DFD33-54F6-4CAC-9903-534E1B092924}.Release|x64.Build.0 = Release|Any CPU
		{0A4DFD33-54F6-4CAC-9903-534E1B092924}.Release|x86.ActiveCfg = Release|Any CPU
		{0A4DFD33-54F6-4CAC-9903-534E1B092924}.Release|x86.Build.0 = Release|Any CPU
		{9EE296B4-4BFC-B324-ED5D-B732FEED3BED}.Debug|Any CPU.ActiveCfg = Debug|Any CPU
		{9EE296B4-4BFC-B324-ED5D-B732FEED3BED}.Debug|Any CPU.Build.0 = Debug|Any CPU
		{9EE296B4-4BFC-B324-ED5D-B732FEED3BED}.Debug|x64.ActiveCfg = Debug|Any CPU
		{9EE296B4-4BFC-B324-ED5D-B732FEED3BED}.Debug|x64.Build.0 = Debug|Any CPU
		{9EE296B4-4BFC-B324-ED5D-B732FEED3BED}.Debug|x86.ActiveCfg = Debug|Any CPU
		{9EE296B4-4BFC-B324-ED5D-B732FEED3BED}.Debug|x86.Build.0 = Debug|Any CPU
		{9EE296B4-4BFC-B324-ED5D-B732FEED3BED}.Release|Any CPU.ActiveCfg = Release|Any CPU
		{9EE296B4-4BFC-B324-ED5D-B732FEED3BED}.Release|Any CPU.Build.0 = Release|Any CPU
		{9EE296B4-4BFC-B324-ED5D-B732FEED3BED}.Release|x64.ActiveCfg = Release|Any CPU
		{9EE296B4-4BFC-B324-ED5D-B732FEED3BED}.Release|x64.Build.0 = Release|Any CPU
		{9EE296B4-4BFC-B324-ED5D-B732FEED3BED}.Release|x86.ActiveCfg = Release|Any CPU
		{9EE296B4-4BFC-B324-ED5D-B732FEED3BED}.Release|x86.Build.0 = Release|Any CPU
		{65E2CA4A-51E1-9079-678D-6A7A8D7A7404}.Debug|Any CPU.ActiveCfg = Debug|Any CPU
		{65E2CA4A-51E1-9079-678D-6A7A8D7A7404}.Debug|Any CPU.Build.0 = Debug|Any CPU
		{65E2CA4A-51E1-9079-678D-6A7A8D7A7404}.Debug|x64.ActiveCfg = Debug|Any CPU
		{65E2CA4A-51E1-9079-678D-6A7A8D7A7404}.Debug|x64.Build.0 = Debug|Any CPU
		{65E2CA4A-51E1-9079-678D-6A7A8D7A7404}.Debug|x86.ActiveCfg = Debug|Any CPU
		{65E2CA4A-51E1-9079-678D-6A7A8D7A7404}.Debug|x86.Build.0 = Debug|Any CPU
		{65E2CA4A-51E1-9079-678D-6A7A8D7A7404}.Release|Any CPU.ActiveCfg = Release|Any CPU
		{65E2CA4A-51E1-9079-678D-6A7A8D7A7404}.Release|Any CPU.Build.0 = Release|Any CPU
		{65E2CA4A-51E1-9079-678D-6A7A8D7A7404}.Release|x64.ActiveCfg = Release|Any CPU
		{65E2CA4A-51E1-9079-678D-6A7A8D7A7404}.Release|x64.Build.0 = Release|Any CPU
		{65E2CA4A-51E1-9079-678D-6A7A8D7A7404}.Release|x86.ActiveCfg = Release|Any CPU
		{65E2CA4A-51E1-9079-678D-6A7A8D7A7404}.Release|x86.Build.0 = Release|Any CPU
		{52B54835-1E45-4853-AF20-60B019D2C06B}.Debug|Any CPU.ActiveCfg = Debug|Any CPU
		{52B54835-1E45-4853-AF20-60B019D2C06B}.Debug|Any CPU.Build.0 = Debug|Any CPU
		{52B54835-1E45-4853-AF20-60B019D2C06B}.Debug|x64.ActiveCfg = Debug|Any CPU
		{52B54835-1E45-4853-AF20-60B019D2C06B}.Debug|x64.Build.0 = Debug|Any CPU
		{52B54835-1E45-4853-AF20-60B019D2C06B}.Debug|x86.ActiveCfg = Debug|Any CPU
		{52B54835-1E45-4853-AF20-60B019D2C06B}.Debug|x86.Build.0 = Debug|Any CPU
		{52B54835-1E45-4853-AF20-60B019D2C06B}.Release|Any CPU.ActiveCfg = Release|Any CPU
		{52B54835-1E45-4853-AF20-60B019D2C06B}.Release|Any CPU.Build.0 = Release|Any CPU
		{52B54835-1E45-4853-AF20-60B019D2C06B}.Release|x64.ActiveCfg = Release|Any CPU
		{52B54835-1E45-4853-AF20-60B019D2C06B}.Release|x64.Build.0 = Release|Any CPU
		{52B54835-1E45-4853-AF20-60B019D2C06B}.Release|x86.ActiveCfg = Release|Any CPU
		{52B54835-1E45-4853-AF20-60B019D2C06B}.Release|x86.Build.0 = Release|Any CPU
		{EFB15821-6808-4F80-A8FC-DC6C06A20FAA}.Debug|Any CPU.ActiveCfg = Debug|Any CPU
		{EFB15821-6808-4F80-A8FC-DC6C06A20FAA}.Debug|Any CPU.Build.0 = Debug|Any CPU
		{EFB15821-6808-4F80-A8FC-DC6C06A20FAA}.Debug|x64.ActiveCfg = Debug|Any CPU
		{EFB15821-6808-4F80-A8FC-DC6C06A20FAA}.Debug|x64.Build.0 = Debug|Any CPU
		{EFB15821-6808-4F80-A8FC-DC6C06A20FAA}.Debug|x86.ActiveCfg = Debug|Any CPU
		{EFB15821-6808-4F80-A8FC-DC6C06A20FAA}.Debug|x86.Build.0 = Debug|Any CPU
		{EFB15821-6808-4F80-A8FC-DC6C06A20FAA}.Release|Any CPU.ActiveCfg = Release|Any CPU
		{EFB15821-6808-4F80-A8FC-DC6C06A20FAA}.Release|Any CPU.Build.0 = Release|Any CPU
		{EFB15821-6808-4F80-A8FC-DC6C06A20FAA}.Release|x64.ActiveCfg = Release|Any CPU
		{EFB15821-6808-4F80-A8FC-DC6C06A20FAA}.Release|x64.Build.0 = Release|Any CPU
		{EFB15821-6808-4F80-A8FC-DC6C06A20FAA}.Release|x86.ActiveCfg = Release|Any CPU
		{EFB15821-6808-4F80-A8FC-DC6C06A20FAA}.Release|x86.Build.0 = Release|Any CPU
		{0A438731-7B8D-4935-BAB7-08DFEBD125DF}.Debug|Any CPU.ActiveCfg = Debug|Any CPU
		{0A438731-7B8D-4935-BAB7-08DFEBD125DF}.Debug|Any CPU.Build.0 = Debug|Any CPU
		{0A438731-7B8D-4935-BAB7-08DFEBD125DF}.Debug|x64.ActiveCfg = Debug|Any CPU
		{0A438731-7B8D-4935-BAB7-08DFEBD125DF}.Debug|x64.Build.0 = Debug|Any CPU
		{0A438731-7B8D-4935-BAB7-08DFEBD125DF}.Debug|x86.ActiveCfg = Debug|Any CPU
		{0A438731-7B8D-4935-BAB7-08DFEBD125DF}.Debug|x86.Build.0 = Debug|Any CPU
		{0A438731-7B8D-4935-BAB7-08DFEBD125DF}.Release|Any CPU.ActiveCfg = Release|Any CPU
		{0A438731-7B8D-4935-BAB7-08DFEBD125DF}.Release|Any CPU.Build.0 = Release|Any CPU
		{0A438731-7B8D-4935-BAB7-08DFEBD125DF}.Release|x64.ActiveCfg = Release|Any CPU
		{0A438731-7B8D-4935-BAB7-08DFEBD125DF}.Release|x64.Build.0 = Release|Any CPU
		{0A438731-7B8D-4935-BAB7-08DFEBD125DF}.Release|x86.ActiveCfg = Release|Any CPU
		{0A438731-7B8D-4935-BAB7-08DFEBD125DF}.Release|x86.Build.0 = Release|Any CPU
		{E65D0625-D93C-4850-B755-7BAB53906A9B}.Debug|Any CPU.ActiveCfg = Debug|Any CPU
		{E65D0625-D93C-4850-B755-7BAB53906A9B}.Debug|Any CPU.Build.0 = Debug|Any CPU
		{E65D0625-D93C-4850-B755-7BAB53906A9B}.Debug|x64.ActiveCfg = Debug|Any CPU
		{E65D0625-D93C-4850-B755-7BAB53906A9B}.Debug|x64.Build.0 = Debug|Any CPU
		{E65D0625-D93C-4850-B755-7BAB53906A9B}.Debug|x86.ActiveCfg = Debug|Any CPU
		{E65D0625-D93C-4850-B755-7BAB53906A9B}.Debug|x86.Build.0 = Debug|Any CPU
		{E65D0625-D93C-4850-B755-7BAB53906A9B}.Release|Any CPU.ActiveCfg = Release|Any CPU
		{E65D0625-D93C-4850-B755-7BAB53906A9B}.Release|Any CPU.Build.0 = Release|Any CPU
		{E65D0625-D93C-4850-B755-7BAB53906A9B}.Release|x64.ActiveCfg = Release|Any CPU
		{E65D0625-D93C-4850-B755-7BAB53906A9B}.Release|x64.Build.0 = Release|Any CPU
		{E65D0625-D93C-4850-B755-7BAB53906A9B}.Release|x86.ActiveCfg = Release|Any CPU
		{E65D0625-D93C-4850-B755-7BAB53906A9B}.Release|x86.Build.0 = Release|Any CPU
		{1DB0CB3C-4BFC-437D-AB75-2134C45DEA08}.Debug|Any CPU.ActiveCfg = Debug|Any CPU
		{1DB0CB3C-4BFC-437D-AB75-2134C45DEA08}.Debug|Any CPU.Build.0 = Debug|Any CPU
		{1DB0CB3C-4BFC-437D-AB75-2134C45DEA08}.Debug|x64.ActiveCfg = Debug|Any CPU
		{1DB0CB3C-4BFC-437D-AB75-2134C45DEA08}.Debug|x64.Build.0 = Debug|Any CPU
		{1DB0CB3C-4BFC-437D-AB75-2134C45DEA08}.Debug|x86.ActiveCfg = Debug|Any CPU
		{1DB0CB3C-4BFC-437D-AB75-2134C45DEA08}.Debug|x86.Build.0 = Debug|Any CPU
		{1DB0CB3C-4BFC-437D-AB75-2134C45DEA08}.Release|Any CPU.ActiveCfg = Release|Any CPU
		{1DB0CB3C-4BFC-437D-AB75-2134C45DEA08}.Release|Any CPU.Build.0 = Release|Any CPU
		{1DB0CB3C-4BFC-437D-AB75-2134C45DEA08}.Release|x64.ActiveCfg = Release|Any CPU
		{1DB0CB3C-4BFC-437D-AB75-2134C45DEA08}.Release|x64.Build.0 = Release|Any CPU
		{1DB0CB3C-4BFC-437D-AB75-2134C45DEA08}.Release|x86.ActiveCfg = Release|Any CPU
		{1DB0CB3C-4BFC-437D-AB75-2134C45DEA08}.Release|x86.Build.0 = Release|Any CPU
		{15EE0CBF-3213-4550-9B75-784F79EFFE71}.Debug|Any CPU.ActiveCfg = Debug|Any CPU
		{15EE0CBF-3213-4550-9B75-784F79EFFE71}.Debug|Any CPU.Build.0 = Debug|Any CPU
		{15EE0CBF-3213-4550-9B75-784F79EFFE71}.Debug|x64.ActiveCfg = Debug|Any CPU
		{15EE0CBF-3213-4550-9B75-784F79EFFE71}.Debug|x64.Build.0 = Debug|Any CPU
		{15EE0CBF-3213-4550-9B75-784F79EFFE71}.Debug|x86.ActiveCfg = Debug|Any CPU
		{15EE0CBF-3213-4550-9B75-784F79EFFE71}.Debug|x86.Build.0 = Debug|Any CPU
		{15EE0CBF-3213-4550-9B75-784F79EFFE71}.Release|Any CPU.ActiveCfg = Release|Any CPU
		{15EE0CBF-3213-4550-9B75-784F79EFFE71}.Release|Any CPU.Build.0 = Release|Any CPU
		{15EE0CBF-3213-4550-9B75-784F79EFFE71}.Release|x64.ActiveCfg = Release|Any CPU
		{15EE0CBF-3213-4550-9B75-784F79EFFE71}.Release|x64.Build.0 = Release|Any CPU
		{15EE0CBF-3213-4550-9B75-784F79EFFE71}.Release|x86.ActiveCfg = Release|Any CPU
		{15EE0CBF-3213-4550-9B75-784F79EFFE71}.Release|x86.Build.0 = Release|Any CPU
		{55E67275-3AF0-4308-A8AB-0B6315E5687F}.Debug|Any CPU.ActiveCfg = Debug|Any CPU
		{55E67275-3AF0-4308-A8AB-0B6315E5687F}.Debug|Any CPU.Build.0 = Debug|Any CPU
		{55E67275-3AF0-4308-A8AB-0B6315E5687F}.Debug|x64.ActiveCfg = Debug|Any CPU
		{55E67275-3AF0-4308-A8AB-0B6315E5687F}.Debug|x64.Build.0 = Debug|Any CPU
		{55E67275-3AF0-4308-A8AB-0B6315E5687F}.Debug|x86.ActiveCfg = Debug|Any CPU
		{55E67275-3AF0-4308-A8AB-0B6315E5687F}.Debug|x86.Build.0 = Debug|Any CPU
		{55E67275-3AF0-4308-A8AB-0B6315E5687F}.Release|Any CPU.ActiveCfg = Release|Any CPU
		{55E67275-3AF0-4308-A8AB-0B6315E5687F}.Release|Any CPU.Build.0 = Release|Any CPU
		{55E67275-3AF0-4308-A8AB-0B6315E5687F}.Release|x64.ActiveCfg = Release|Any CPU
		{55E67275-3AF0-4308-A8AB-0B6315E5687F}.Release|x64.Build.0 = Release|Any CPU
		{55E67275-3AF0-4308-A8AB-0B6315E5687F}.Release|x86.ActiveCfg = Release|Any CPU
		{55E67275-3AF0-4308-A8AB-0B6315E5687F}.Release|x86.Build.0 = Release|Any CPU
		{70B2524A-D5C2-43CC-87A8-5E839ACCAD21}.Debug|Any CPU.ActiveCfg = Debug|Any CPU
		{70B2524A-D5C2-43CC-87A8-5E839ACCAD21}.Debug|Any CPU.Build.0 = Debug|Any CPU
		{70B2524A-D5C2-43CC-87A8-5E839ACCAD21}.Debug|x64.ActiveCfg = Debug|Any CPU
		{70B2524A-D5C2-43CC-87A8-5E839ACCAD21}.Debug|x64.Build.0 = Debug|Any CPU
		{70B2524A-D5C2-43CC-87A8-5E839ACCAD21}.Debug|x86.ActiveCfg = Debug|Any CPU
		{70B2524A-D5C2-43CC-87A8-5E839ACCAD21}.Debug|x86.Build.0 = Debug|Any CPU
		{70B2524A-D5C2-43CC-87A8-5E839ACCAD21}.Release|Any CPU.ActiveCfg = Release|Any CPU
		{70B2524A-D5C2-43CC-87A8-5E839ACCAD21}.Release|Any CPU.Build.0 = Release|Any CPU
		{70B2524A-D5C2-43CC-87A8-5E839ACCAD21}.Release|x64.ActiveCfg = Release|Any CPU
		{70B2524A-D5C2-43CC-87A8-5E839ACCAD21}.Release|x64.Build.0 = Release|Any CPU
		{70B2524A-D5C2-43CC-87A8-5E839ACCAD21}.Release|x86.ActiveCfg = Release|Any CPU
		{70B2524A-D5C2-43CC-87A8-5E839ACCAD21}.Release|x86.Build.0 = Release|Any CPU
		{FECDB745-ADE0-4AAB-9B85-C05A5C48EFC4}.Debug|Any CPU.ActiveCfg = Debug|Any CPU
		{FECDB745-ADE0-4AAB-9B85-C05A5C48EFC4}.Debug|Any CPU.Build.0 = Debug|Any CPU
		{FECDB745-ADE0-4AAB-9B85-C05A5C48EFC4}.Debug|x64.ActiveCfg = Debug|Any CPU
		{FECDB745-ADE0-4AAB-9B85-C05A5C48EFC4}.Debug|x64.Build.0 = Debug|Any CPU
		{FECDB745-ADE0-4AAB-9B85-C05A5C48EFC4}.Debug|x86.ActiveCfg = Debug|Any CPU
		{FECDB745-ADE0-4AAB-9B85-C05A5C48EFC4}.Debug|x86.Build.0 = Debug|Any CPU
		{FECDB745-ADE0-4AAB-9B85-C05A5C48EFC4}.Release|Any CPU.ActiveCfg = Release|Any CPU
		{FECDB745-ADE0-4AAB-9B85-C05A5C48EFC4}.Release|Any CPU.Build.0 = Release|Any CPU
		{FECDB745-ADE0-4AAB-9B85-C05A5C48EFC4}.Release|x64.ActiveCfg = Release|Any CPU
		{FECDB745-ADE0-4AAB-9B85-C05A5C48EFC4}.Release|x64.Build.0 = Release|Any CPU
		{FECDB745-ADE0-4AAB-9B85-C05A5C48EFC4}.Release|x86.ActiveCfg = Release|Any CPU
		{FECDB745-ADE0-4AAB-9B85-C05A5C48EFC4}.Release|x86.Build.0 = Release|Any CPU
		{B2000004-0000-0000-0000-000000000004}.Debug|Any CPU.ActiveCfg = Debug|Any CPU
		{B2000004-0000-0000-0000-000000000004}.Debug|Any CPU.Build.0 = Debug|Any CPU
		{B2000004-0000-0000-0000-000000000004}.Debug|x64.ActiveCfg = Debug|Any CPU
		{B2000004-0000-0000-0000-000000000004}.Debug|x64.Build.0 = Debug|Any CPU
		{B2000004-0000-0000-0000-000000000004}.Debug|x86.ActiveCfg = Debug|Any CPU
		{B2000004-0000-0000-0000-000000000004}.Debug|x86.Build.0 = Debug|Any CPU
		{B2000004-0000-0000-0000-000000000004}.Release|Any CPU.ActiveCfg = Release|Any CPU
		{B2000004-0000-0000-0000-000000000004}.Release|Any CPU.Build.0 = Release|Any CPU
		{B2000004-0000-0000-0000-000000000004}.Release|x64.ActiveCfg = Release|Any CPU
		{B2000004-0000-0000-0000-000000000004}.Release|x64.Build.0 = Release|Any CPU
		{B2000004-0000-0000-0000-000000000004}.Release|x86.ActiveCfg = Release|Any CPU
		{B2000004-0000-0000-0000-000000000004}.Release|x86.Build.0 = Release|Any CPU
		{194D48CF-C4FE-45E4-82FF-FAD70EFB8E15}.Debug|Any CPU.ActiveCfg = Debug|Any CPU
		{194D48CF-C4FE-45E4-82FF-FAD70EFB8E15}.Debug|Any CPU.Build.0 = Debug|Any CPU
		{194D48CF-C4FE-45E4-82FF-FAD70EFB8E15}.Debug|x64.ActiveCfg = Debug|Any CPU
		{194D48CF-C4FE-45E4-82FF-FAD70EFB8E15}.Debug|x64.Build.0 = Debug|Any CPU
		{194D48CF-C4FE-45E4-82FF-FAD70EFB8E15}.Debug|x86.ActiveCfg = Debug|Any CPU
		{194D48CF-C4FE-45E4-82FF-FAD70EFB8E15}.Debug|x86.Build.0 = Debug|Any CPU
		{194D48CF-C4FE-45E4-82FF-FAD70EFB8E15}.Release|Any CPU.ActiveCfg = Release|Any CPU
		{194D48CF-C4FE-45E4-82FF-FAD70EFB8E15}.Release|Any CPU.Build.0 = Release|Any CPU
		{194D48CF-C4FE-45E4-82FF-FAD70EFB8E15}.Release|x64.ActiveCfg = Release|Any CPU
		{194D48CF-C4FE-45E4-82FF-FAD70EFB8E15}.Release|x64.Build.0 = Release|Any CPU
		{194D48CF-C4FE-45E4-82FF-FAD70EFB8E15}.Release|x86.ActiveCfg = Release|Any CPU
		{194D48CF-C4FE-45E4-82FF-FAD70EFB8E15}.Release|x86.Build.0 = Release|Any CPU
		{81D856BE-3586-4CD4-9918-ABFF634D2D9A}.Debug|Any CPU.ActiveCfg = Debug|Any CPU
		{81D856BE-3586-4CD4-9918-ABFF634D2D9A}.Debug|Any CPU.Build.0 = Debug|Any CPU
		{81D856BE-3586-4CD4-9918-ABFF634D2D9A}.Debug|x64.ActiveCfg = Debug|Any CPU
		{81D856BE-3586-4CD4-9918-ABFF634D2D9A}.Debug|x64.Build.0 = Debug|Any CPU
		{81D856BE-3586-4CD4-9918-ABFF634D2D9A}.Debug|x86.ActiveCfg = Debug|Any CPU
		{81D856BE-3586-4CD4-9918-ABFF634D2D9A}.Debug|x86.Build.0 = Debug|Any CPU
		{81D856BE-3586-4CD4-9918-ABFF634D2D9A}.Release|Any CPU.ActiveCfg = Release|Any CPU
		{81D856BE-3586-4CD4-9918-ABFF634D2D9A}.Release|Any CPU.Build.0 = Release|Any CPU
		{81D856BE-3586-4CD4-9918-ABFF634D2D9A}.Release|x64.ActiveCfg = Release|Any CPU
		{81D856BE-3586-4CD4-9918-ABFF634D2D9A}.Release|x64.Build.0 = Release|Any CPU
		{81D856BE-3586-4CD4-9918-ABFF634D2D9A}.Release|x86.ActiveCfg = Release|Any CPU
		{81D856BE-3586-4CD4-9918-ABFF634D2D9A}.Release|x86.Build.0 = Release|Any CPU
		{66DEED26-79FE-463D-A55E-B4B70949D7EC}.Debug|Any CPU.ActiveCfg = Debug|Any CPU
		{66DEED26-79FE-463D-A55E-B4B70949D7EC}.Debug|Any CPU.Build.0 = Debug|Any CPU
		{66DEED26-79FE-463D-A55E-B4B70949D7EC}.Debug|x64.ActiveCfg = Debug|Any CPU
		{66DEED26-79FE-463D-A55E-B4B70949D7EC}.Debug|x64.Build.0 = Debug|Any CPU
		{66DEED26-79FE-463D-A55E-B4B70949D7EC}.Debug|x86.ActiveCfg = Debug|Any CPU
		{66DEED26-79FE-463D-A55E-B4B70949D7EC}.Debug|x86.Build.0 = Debug|Any CPU
		{66DEED26-79FE-463D-A55E-B4B70949D7EC}.Release|Any CPU.ActiveCfg = Release|Any CPU
		{66DEED26-79FE-463D-A55E-B4B70949D7EC}.Release|Any CPU.Build.0 = Release|Any CPU
		{66DEED26-79FE-463D-A55E-B4B70949D7EC}.Release|x64.ActiveCfg = Release|Any CPU
		{66DEED26-79FE-463D-A55E-B4B70949D7EC}.Release|x64.Build.0 = Release|Any CPU
		{66DEED26-79FE-463D-A55E-B4B70949D7EC}.Release|x86.ActiveCfg = Release|Any CPU
		{66DEED26-79FE-463D-A55E-B4B70949D7EC}.Release|x86.Build.0 = Release|Any CPU
	EndGlobalSection
	GlobalSection(SolutionProperties) = preSolution
		HideSolutionNode = FALSE
	EndGlobalSection
	GlobalSection(NestedProjects) = preSolution
		{B0000002-0000-0000-0000-000000000002} = {B0000001-0000-0000-0000-000000000001}
		{B0000003-0000-0000-0000-000000000003} = {B0000001-0000-0000-0000-000000000001}
		{B0000004-0000-0000-0000-000000000004} = {B0000001-0000-0000-0000-000000000001}
		{A1000001-0000-0000-0000-000000000001} = {B0000004-0000-0000-0000-000000000004}
		{A1000002-0000-0000-0000-000000000002} = {B0000002-0000-0000-0000-000000000002}
		{A1000003-0000-0000-0000-000000000003} = {B0000003-0000-0000-0000-000000000003}
		{A1000004-0000-0000-0000-000000000004} = {B0000003-0000-0000-0000-000000000003}
		{A1000005-0000-0000-0000-000000000005} = {B0000005-0000-0000-0000-000000000005}
		{A1000006-0000-0000-0000-000000000006} = {B0000005-0000-0000-0000-000000000005}
		{A1000007-0000-0000-0000-000000000007} = {B0000002-0000-0000-0000-000000000002}
		{10B1710C-4E46-44AE-AF5B-38590F8B2E59} = {B0000003-0000-0000-0000-000000000003}
		{A1000008-0000-0000-0000-000000000008} = {B0000003-0000-0000-0000-000000000003}
		{10B1710D-4E46-44AE-AF5B-38590F8B2E5D} = {B0000005-0000-0000-0000-000000000005}
		{A1000009-0000-0000-0000-000000000009} = {B0000005-0000-0000-0000-000000000005}
		{A100000A-0000-0000-0000-00000000000A} = {B0000003-0000-0000-0000-000000000003}
		{A100000B-0000-0000-0000-00000000000B} = {B0000003-0000-0000-0000-000000000003}
		{A100000C-0000-0000-0000-00000000000C} = {B0000005-0000-0000-0000-000000000005}
		{A100000D-0000-0000-0000-00000000000D} = {B0000003-0000-0000-0000-000000000003}
		{A100000E-0000-0000-0000-00000000000E} = {B0000003-0000-0000-0000-000000000003}
		{A100000F-0000-0000-0000-00000000000F} = {B0000003-0000-0000-0000-000000000003}
		{A1000010-0000-0000-0000-000000000010} = {B0000003-0000-0000-0000-000000000003}
		{A1000011-0000-0000-0000-000000000011} = {B0000003-0000-0000-0000-000000000003}
		{A1000012-0000-0000-0000-000000000012} = {B0000003-0000-0000-0000-000000000003}
		{A1000013-0000-0000-0000-000000000013} = {B0000003-0000-0000-0000-000000000003}
		{A1000014-0000-0000-0000-000000000014} = {B0000003-0000-0000-0000-000000000003}
		{6A9397B0-1C40-4031-ADC0-B0EE77180F68} = {B0000005-0000-0000-0000-000000000005}
		{08081E58-5598-4004-84E4-AE5CA2210A45} = {B0000002-0000-0000-0000-000000000002}
		{36345336-F6CB-4BC8-A28D-BBC026E4E84A} = {B0000002-0000-0000-0000-000000000002}
		{19067105-2915-46EE-9316-1DF8F2373F61} = {B0000002-0000-0000-0000-000000000002}
		{CF3FDDAF-0E8C-4AC6-8A6B-8389093849D9} = {B0000005-0000-0000-0000-000000000005}
		{F6FBACCE-AB10-4ADA-BA4E-B1490EE1C2A1} = {B0000003-0000-0000-0000-000000000003}
		{2FF780BA-9D3D-4FD3-A373-6B32F052C658} = {B0000003-0000-0000-0000-000000000003}
		{DA96BEE0-EBE3-46AE-95EF-95D29E84C7F4} = {B0000003-0000-0000-0000-000000000003}
		{903DECF0-DD33-44B0-B921-8618A3111295} = {B0000003-0000-0000-0000-000000000003}
		{10041B7D-01FA-4435-9B5B-1449D09A6CE8} = {B0000003-0000-0000-0000-000000000003}
		{8B860623-0610-441D-BDB6-2D0CD7050881} = {B0000003-0000-0000-0000-000000000003}
		{EDBCFE0B-D5F1-4644-8BA4-5384AB645703} = {B0000005-0000-0000-0000-000000000005}
		{F6F7DDF4-1A77-48C4-801F-E8268325B8FF} = {B0000003-0000-0000-0000-000000000003}
		{5915D2A1-0E5A-4306-9538-18B4106623CD} = {B0000003-0000-0000-0000-000000000003}
		{A1000015-0000-0000-0000-000000000015} = {B0000005-0000-0000-0000-000000000005}
		{92B44B90-E87F-488E-8604-A3C1D7161D70} = {B0000003-0000-0000-0000-000000000003}
		{79D1BE36-8769-4423-820B-FA5DF7DC9D08} = {B0000005-0000-0000-0000-000000000005}
		{40455CBA-C74B-4EB5-A997-AB31F0E8447E} = {B0000003-0000-0000-0000-000000000003}
		{16B138BB-42A4-409B-9B94-1C53E5EC8FFD} = {B0000003-0000-0000-0000-000000000003}
		{0DCDB855-9516-498D-9503-BC2AE2BF3BBC} = {B0000005-0000-0000-0000-000000000005}
		{EBDFCD26-86E5-8D55-D65F-6C40A831314C} = {CA253913-39DE-BFD0-C9A3-4B7EC6FBDF17}
		{8EE7925B-3E51-412A-826B-DF80CD7CA8B6} = {EBDFCD26-86E5-8D55-D65F-6C40A831314C}
		{C79A5B62-DCA3-47CB-B3E0-0CC86F1CCFB4} = {EBDFCD26-86E5-8D55-D65F-6C40A831314C}
		{F79ED395-5E49-449E-9F52-850CC6602373} = {EBDFCD26-86E5-8D55-D65F-6C40A831314C}
		{DD43F89D-78E6-4E95-AB15-95F98B82D2F9} = {EBDFCD26-86E5-8D55-D65F-6C40A831314C}
		{5D06ED34-1A6D-4C53-81C0-52811AF16581} = {EBDFCD26-86E5-8D55-D65F-6C40A831314C}
		{E0F9B259-925F-CE95-B0D5-47162AC9E5EA} = {CA253913-39DE-BFD0-C9A3-4B7EC6FBDF17}
		{38C1AB8D-0191-F593-EB5D-111F98BD1BED} = {CA253913-39DE-BFD0-C9A3-4B7EC6FBDF17}
		{AE021DDB-8B1A-E7D9-B553-506579376472} = {CA253913-39DE-BFD0-C9A3-4B7EC6FBDF17}
		{F8E66298-5B60-B5D6-EEE1-680E66603DA3} = {CA253913-39DE-BFD0-C9A3-4B7EC6FBDF17}
		{E4F07A3A-0D15-4D3A-4C13-E2BD6EBFF108} = {CA253913-39DE-BFD0-C9A3-4B7EC6FBDF17}
		{20251845-2003-7472-DB40-8CF60FFEEF76} = {CA253913-39DE-BFD0-C9A3-4B7EC6FBDF17}
		{85280D5D-5A8D-E4C5-03EB-5861EF493279} = {CA253913-39DE-BFD0-C9A3-4B7EC6FBDF17}
		{62CF9610-B42B-EF2F-4B4C-4013F5DA2273} = {CA253913-39DE-BFD0-C9A3-4B7EC6FBDF17}
		{51BBE201-388A-F744-BA45-CBD0FF34D230} = {CA253913-39DE-BFD0-C9A3-4B7EC6FBDF17}
		{E8C394D9-7F87-955C-FF77-15CE8D45F831} = {CA253913-39DE-BFD0-C9A3-4B7EC6FBDF17}
		{A1000016-0000-0000-0000-000000000016} = {B0000005-0000-0000-0000-000000000005}
		{0A4DFD33-54F6-4CAC-9903-534E1B092924} = {2F3EF1A3-B2B0-B28C-122D-FFB85167A4CE}
		{C12B0A86-7F1D-CA39-49EB-AB633A52E295} = {CA253913-39DE-BFD0-C9A3-4B7EC6FBDF17}
		{9A626195-ACF0-3581-34C8-CBE358C842AF} = {CA253913-39DE-BFD0-C9A3-4B7EC6FBDF17}
		{E5E11146-751D-3827-BC4B-5D429449C2A3} = {CA253913-39DE-BFD0-C9A3-4B7EC6FBDF17}
		{680F5693-64EE-1903-323C-F7F5221B1F80} = {CA253913-39DE-BFD0-C9A3-4B7EC6FBDF17}
		{2AB398DC-7A9B-77A8-6AEB-1C82D16EE229} = {CA253913-39DE-BFD0-C9A3-4B7EC6FBDF17}
		{D1980A4E-076C-9612-217F-DD26C869ECFE} = {CA253913-39DE-BFD0-C9A3-4B7EC6FBDF17}
		{E65D0625-D93C-4850-B755-7BAB53906A9B} = {D1980A4E-076C-9612-217F-DD26C869ECFE}
		{3A3C2CD9-3B26-EA67-2267-8A54839368EB} = {CA253913-39DE-BFD0-C9A3-4B7EC6FBDF17}
		{1DB0CB3C-4BFC-437D-AB75-2134C45DEA08} = {3A3C2CD9-3B26-EA67-2267-8A54839368EB}
		{61012BD7-3286-9F68-6095-D84BBE4E3A3E} = {CA253913-39DE-BFD0-C9A3-4B7EC6FBDF17}
		{15EE0CBF-3213-4550-9B75-784F79EFFE71} = {61012BD7-3286-9F68-6095-D84BBE4E3A3E}
		{B1948FD5-C17F-B35B-50C6-0BF5A556C5BC} = {CA253913-39DE-BFD0-C9A3-4B7EC6FBDF17}
		{55E67275-3AF0-4308-A8AB-0B6315E5687F} = {B1948FD5-C17F-B35B-50C6-0BF5A556C5BC}
		{D8CED9F5-4F85-2931-3CB0-8B5130FC326C} = {CA253913-39DE-BFD0-C9A3-4B7EC6FBDF17}
		{70B2524A-D5C2-43CC-87A8-5E839ACCAD21} = {D8CED9F5-4F85-2931-3CB0-8B5130FC326C}
		{B2000001-0000-0000-0000-000000000001} = {CA253913-39DE-BFD0-C9A3-4B7EC6FBDF17}
		{B2000002-0000-0000-0000-000000000002} = {B2000001-0000-0000-0000-000000000001}
		{B2000003-0000-0000-0000-000000000003} = {B2000001-0000-0000-0000-000000000001}
		{B2000004-0000-0000-0000-000000000004} = {B0000005-0000-0000-0000-000000000005}
		{CF2CFDBE-7880-2511-3D30-8BA990739B50} = {CA253913-39DE-BFD0-C9A3-4B7EC6FBDF17}
		{81D856BE-3586-4CD4-9918-ABFF634D2D9A} = {CF2CFDBE-7880-2511-3D30-8BA990739B50}
		{66DEED26-79FE-463D-A55E-B4B70949D7EC} = {CF2CFDBE-7880-2511-3D30-8BA990739B50}
	EndGlobalSection
EndGlobal
