{
  "version": 2,
  "dependencies": {
    "net10.0": {
      "Microsoft.NET.Test.Sdk": {
        "type": "Direct",
        "requested": "[17.11.1, )",
        "resolved": "17.11.1",
        "contentHash": "U3Ty4BaGoEu+T2bwSko9tWqWUOU16WzSFkq6U8zve75oRBMSLTBdMAZrVNNz1Tq12aCdDom9fcOcM9QZaFHqFg==",
        "dependencies": {
          "Microsoft.CodeCoverage": "17.11.1",
          "Microsoft.TestPlatform.TestHost": "17.11.1"
        }
      },
      "NBomber": {
        "type": "Direct",
        "requested": "[6.4.1, )",
        "resolved": "6.4.1",
        "contentHash": "WB7G5UIM2Fg8EZyJTb7IS7ZXAWHBeb/JcnKoSIQQc7uMvOLSOyITz+gKqFANtwAV5zIZjMRtykcIA/bjoY4B4w==",
        "dependencies": {
          "ConsoleTables": "[2.4.2]",
          "ExpressionTreeToString": "3.4.71",
          "FSharp.Core": "10.0.103",
          "FSharp.SystemTextJson": "1.4.36",
          "FSharp.UMX": "1.1.0",
          "FsToolkit.ErrorHandling.IcedTasks": "5.2.0",
          "FuncyDown": "1.4.2",
          "HdrHistogram": "2.5.0",
          "NATS.Client": "1.1.6",
          "NBomber.Contracts": "[6.2.0]",
          "Serilog.Enrichers.Environment": "3.0.1",
          "Serilog.Enrichers.Thread": "4.0.0",
          "Serilog.Settings.Configuration": "9.0.0",
          "Serilog.Sinks.File": "6.0.0",
          "Serilog.Sinks.SpectreConsole": "[0.3.3]",
          "System.CommandLine": "2.0.7",
          "System.Reactive": "6.0.1"
        }
      },
      "NBomber.Http": {
        "type": "Direct",
        "requested": "[6.2.0, )",
        "resolved": "6.2.0",
        "contentHash": "b2zYNN5u74+d5uV1Cp86FZpoJECUDKLi1D6AVJQLLYm3nHqb0LZOx7JPeqxNxY18/m5IyehaYHkga9bOFJJ9TA==",
        "dependencies": {
          "FSharp.Core": "10.0.104",
          "NBomber.Contracts": "6.1.0"
        }
      },
      "xunit": {
        "type": "Direct",
        "requested": "[2.9.2, )",
        "resolved": "2.9.2",
        "contentHash": "7LhFS2N9Z6Xgg8aE5lY95cneYivRMfRI8v+4PATa4S64D5Z/Plkg0qa8dTRHSiGRgVZ/CL2gEfJDE5AUhOX+2Q==",
        "dependencies": {
          "xunit.analyzers": "1.16.0",
          "xunit.assert": "2.9.2",
          "xunit.core": "[2.9.2]"
        }
      },
      "xunit.runner.visualstudio": {
        "type": "Direct",
        "requested": "[2.8.2, )",
        "resolved": "2.8.2",
        "contentHash": "vm1tbfXhFmjFMUmS4M0J0ASXz3/U5XvXBa6DOQUL3fEz4Vt6YPhv+ESCarx6M6D+9kJkJYZKCNvJMas1+nVfmQ=="
      },
      "ConsoleTables": {
        "type": "Transitive",
        "resolved": "2.4.2",
        "contentHash": "0SRFOWYCgFQ0RfAMof2DsGEJHI2YKquCA4X26kKyuG+MG+/2R3NRgRVEqXDMU7eVP69MGDzb1eg4i3/APlIfQg=="
      },
      "ExpressionTreeToString": {
        "type": "Transitive",
        "resolved": "3.4.71",
        "contentHash": "A7db29d6R1pu9D3gm+OiDa8tLz7cG1NNVIlhipl+KExRw4kN4kthaz8fCLGrUvTkm7Cf8j1IyOuUlbDxLPPRhQ==",
        "dependencies": {
          "ZSpitz.Util": "0.1.113"
        }
      },
      "FSharp.Core": {
        "type": "Transitive",
        "resolved": "10.0.104",
        "contentHash": "2VQpRzjhuN6EHODVGiYZ/svc68up2/c3TdQ7eQtkY2MAN6EKMOF2SaraPCiMDu4+JMIbq9KkPxaWk5sXbfPs9Q=="
      },
      "FSharp.Json.New": {
        "type": "Transitive",
        "resolved": "0.5.0",
        "contentHash": "M7JsKPfDTiEql36/H5Iadi1FViPc08tlil2WA77IrfnBvMBZbfjtYfe0BKML8WC+VSZtnV6mL9nKMRvXma2Zjg==",
        "dependencies": {
          "FSharp.Core": "8.0.403"
        }
      },
      "FSharp.SystemTextJson": {
        "type": "Transitive",
        "resolved": "1.4.36",
        "contentHash": "1xLk0SBF1nedD74B77rcArjD2d+DeZwbNI7BVCAyKwIBERo1VoX8Mf4AtX0OV2L3ZeM/XS1b6BuhXCyoh0KBnw==",
        "dependencies": {
          "FSharp.Core": "4.7.0"
        }
      },
      "FSharp.UMX": {
        "type": "Transitive",
        "resolved": "1.1.0",
        "contentHash": "0+4w4/yBL5z7w1/k198ooPbfMqkzMSXPRVZEVingnwAdjM//QIFG25eJbB3RtoSQAusBwV5B3VcSudxJejd5Bg==",
        "dependencies": {
          "FSharp.Core": "4.3.4"
        }
      },
      "FsToolkit.ErrorHandling": {
        "type": "Transitive",
        "resolved": "5.2.0",
        "contentHash": "Y7NfN1gDJ5eOANmi8/aEjGHTWrJOYyqwmgtdA3BIZggd0Ph0IIsbewtgNaLkDYFGgkKw6mGlk0iw4RZ2ZRKZhA==",
        "dependencies": {
          "FSharp.Core": "9.0.300"
        }
      },
      "FsToolkit.ErrorHandling.IcedTasks": {
        "type": "Transitive",
        "resolved": "5.2.0",
        "contentHash": "tunQ30qS0Iq1ENJJy7Y2vK8cu913bQiypdiFprzghWH49Ke9ES5HQXAxshSbIBSP3N3YUhRmb/lk8GqCx5xIdg==",
        "dependencies": {
          "FSharp.Core": "9.0.300",
          "FsToolkit.ErrorHandling": "5.2.0",
          "IcedTasks": "0.11.8"
        }
      },
      "FuncyDown": {
        "type": "Transitive",
        "resolved": "1.4.2",
        "contentHash": "2M9vi89V/jUCT90wl1RJgXqiVgI91GcKMv+TmOnTPytyebnwT0fYoHAVRNvVgfBaHMmouJFPRnaKtnKNa04kdA==",
        "dependencies": {
          "FSharp.Core": "8.0.400"
        }
      },
      "HdrHistogram": {
        "type": "Transitive",
        "resolved": "2.5.0",
        "contentHash": "RE1wG9tbQJDnfgKnBYiR8DNIPC3a9oZeUqDOQmpxcH/xBOqU7T6R20YVndKtk6STglQyGaZCRnWue8WcAo87OA==",
        "dependencies": {
          "NETStandard.Library": "1.6.1"
        }
      },
      "IcedTasks": {
        "type": "Transitive",
        "resolved": "0.11.8",
        "contentHash": "A0VyZM1lLMUFOk9PiNUniy8cRskbh0NiqS75oXRzC9PbpD/UIukMm5KINUZGXjyuW1WMMw7mOtFT42VXs+9RqQ==",
        "dependencies": {
          "FSharp.Core": "9.0.300-beta.25181.1"
        }
      },
      "MessagePack": {
        "type": "Transitive",
        "resolved": "2.5.192",
        "contentHash": "Jtle5MaFeIFkdXtxQeL9Tu2Y3HsAQGoSntOzrn6Br/jrl6c8QmG22GEioT5HBtZJR0zw0s46OnKU8ei2M3QifA==",
        "dependencies": {
          "MessagePack.Annotations": "2.5.192",
          "Microsoft.NET.StringTools": "17.6.3"
        }
      },
      "MessagePack.Annotations": {
        "type": "Transitive",
        "resolved": "2.5.192",
        "contentHash": "jaJuwcgovWIZ8Zysdyf3b7b34/BrADw4v82GaEZymUhDd3ScMPrYd/cttekeDteJJPXseJxp04yTIcxiVUjTWg=="
      },
      "MessagePack.FSharpExtensions": {
        "type": "Transitive",
        "resolved": "4.0.0",
        "contentHash": "JNc4ZmYifEi4PZVLRq9IMoO1RXmUDKj2mJtRCRXoz0SMx1veqabffWotDxsD6o0hVELSRQIKrEIcSjtwYAgsmQ==",
        "dependencies": {
          "FSharp.Core": "7.0.200",
          "MessagePack": "2.4.59"
        }
      },
      "Microsoft.CodeCoverage": {
        "type": "Transitive",
        "resolved": "17.11.1",
        "contentHash": "nPJqrcA5iX+Y0kqoT3a+pD/8lrW/V7ayqnEJQsTonSoPz59J8bmoQhcSN4G8+UJ64Hkuf0zuxnfuj2lkHOq4cA=="
      },
      "Microsoft.Extensions.Configuration": {
        "type": "Transitive",
        "resolved": "9.0.7",
        "contentHash": "oxGR51+w5cXm5B9gU6XwpAB2sTiyPSmZm7hjvv0rzRnmL5o/KZzE103AuQj7sK26OBupjVzU/bZxDWvvU4nhEg==",
        "dependencies": {
          "Microsoft.Extensions.Configuration.Abstractions": "9.0.7",
          "Microsoft.Extensions.Primitives": "9.0.7"
        }
      },
      "Microsoft.Extensions.Configuration.Binder": {
        "type": "Transitive",
        "resolved": "9.0.7",
        "contentHash": "ExY+zXHhU4o9KC2alp3ZdLWyVWVRSn5INqax5ABk+HEOHlAHzomhJ7ek9HHliyOMiVGoYWYaMFOGr9q59mSAGA==",
        "dependencies": {
          "Microsoft.Extensions.Configuration.Abstractions": "9.0.7"
        }
      },
      "Microsoft.Extensions.Configuration.FileExtensions": {
        "type": "Transitive",
        "resolved": "9.0.7",
        "contentHash": "3LVg32iMfR9ENeegXAo73L+877iOcQauLJsXlKZNVSsLA/HbPgClZdeMGdjLSkaidYw3l02XbXTlOdGYNgu91Q==",
        "dependencies": {
          "Microsoft.Extensions.Configuration": "9.0.7",
          "Microsoft.Extensions.Configuration.Abstractions": "9.0.7",
          "Microsoft.Extensions.FileProviders.Abstractions": "9.0.7",
          "Microsoft.Extensions.FileProviders.Physical": "9.0.7",
          "Microsoft.Extensions.Primitives": "9.0.7"
        }
      },
      "Microsoft.Extensions.Configuration.Json": {
        "type": "Transitive",
        "resolved": "9.0.7",
        "contentHash": "3HQV326liEInT9UKEc+k73f1ECwNhvDS/DJAe5WvtMKDJTJqTH2ujrUC2ZlK/j6pXyPbV9f0Ku8JB20JveGImg==",
        "dependencies": {
          "Microsoft.Extensions.Configuration": "9.0.7",
          "Microsoft.Extensions.Configuration.Abstractions": "9.0.7",
          "Microsoft.Extensions.Configuration.FileExtensions": "9.0.7",
          "Microsoft.Extensions.FileProviders.Abstractions": "9.0.7"
        }
      },
      "Microsoft.Extensions.DependencyModel": {
        "type": "Transitive",
        "resolved": "9.0.0",
        "contentHash": "saxr2XzwgDU77LaQfYFXmddEDRUKHF4DaGMZkNB3qjdVSZlax3//dGJagJkKrGMIPNZs2jVFXITyCCR6UHJNdA=="
      },
      "Microsoft.Extensions.FileProviders.Abstractions": {
        "type": "Transitive",
        "resolved": "9.0.7",
        "contentHash": "y9djCca1cz/oz/J8jTxtoecNiNvaiGBJeWd7XOPxonH+FnfHqcfslJMcSr5JMinmWFyS7eh3C9L6m6oURZ5lSA==",
        "dependencies": {
          "Microsoft.Extensions.Primitives": "9.0.7"
        }
      },
      "Microsoft.Extensions.FileProviders.Physical": {
        "type": "Transitive",
        "resolved": "9.0.7",
        "contentHash": "JYEPYrb+YBpFTCdmSBrk8cg3wAi1V4so7ccq04qbhg3FQHQqgJk28L3heEOKMXcZobOBUjTnGCFJD49Ez9kG5w==",
        "dependencies": {
          "Microsoft.Extensions.FileProviders.Abstractions": "9.0.7",
          "Microsoft.Extensions.FileSystemGlobbing": "9.0.7",
          "Microsoft.Extensions.Primitives": "9.0.7"
        }
      },
      "Microsoft.Extensions.FileSystemGlobbing": {
        "type": "Transitive",
        "resolved": "9.0.7",
        "contentHash": "5VKpTH2ME0SSs0lrtkpKgjCeHzXR5ka/H+qThPwuWi78wHubApZ/atD7w69FDt0OOM7UMV6LIbkqEQgoby4IXA=="
      },
      "Microsoft.Extensions.Primitives": {
        "type": "Transitive",
        "resolved": "10.0.7",
        "contentHash": "D5M0Jr551iTgwkZMN9rm0pSkgNLj5quUWQUmQPMZh7k/bnvZTnXRGfE2KuvXf1EEjt/ofD9yw9IumpgdP9QCnw=="
      },
      "Microsoft.NET.StringTools": {
        "type": "Transitive",
        "resolved": "17.6.3",
        "contentHash": "N0ZIanl1QCgvUumEL1laasU0a7sOE5ZwLZVTn0pAePnfhq8P7SvTjF8Axq+CnavuQkmdQpGNXQ1efZtu5kDFbA=="
      },
      "Microsoft.NETCore.Platforms": {
        "type": "Transitive",
        "resolved": "1.1.0",
        "contentHash": "kz0PEW2lhqygehI/d6XsPCQzD7ff7gUJaVGPVETX611eadGsA3A877GdSlU0LRVMCTH/+P3o2iDTak+S08V2+A=="
      },
      "Microsoft.TestPlatform.ObjectModel": {
        "type": "Transitive",
        "resolved": "17.11.1",
        "contentHash": "E2jZqAU6JeWEVsyOEOrSW1o1bpHLgb25ypvKNB/moBXPVsFYBPd/Jwi7OrYahG50J83LfHzezYI+GaEkpAotiA=="
      },
      "Microsoft.TestPlatform.TestHost": {
        "type": "Transitive",
        "resolved": "17.11.1",
        "contentHash": "DnG+GOqJXO/CkoqlJWeDFTgPhqD/V6VqUIL3vINizCWZ3X+HshCtbbyDdSHQQEjrc2Sl/K3yaxX6s+5LFEdYuw==",
        "dependencies": {
          "Microsoft.TestPlatform.ObjectModel": "17.11.1",
          "Newtonsoft.Json": "13.0.1"
        }
      },
      "NATS.Client": {
        "type": "Transitive",
        "resolved": "1.1.6",
        "contentHash": "bUZIpecpunMekKIS5nULkazYLbwFJtZbN6jyZeR8Qp+3SYdwPjJKSS7Yhr+CSVin40PajsWrn7MRpid0xrEBtQ=="
      },
      "NBomber.Contracts": {
        "type": "Transitive",
        "resolved": "6.2.0",
        "contentHash": "yLKrLWB+PKZ+UCEHJyxazNPAeq7nd3N6k2ASXq4k9Gr60KeEH9vpGxUItHT5bF1NhR9gRi54duydT4mUiRz67w==",
        "dependencies": {
          "FSharp.Core": "10.0.103",
          "FSharp.Json.New": "0.5.0",
          "FSharp.UMX": "1.1.0",
          "MessagePack": "2.5.192",
          "MessagePack.FSharpExtensions": "4.0.0",
          "Microsoft.Extensions.Configuration.Binder": "9.0.7",
          "Microsoft.Extensions.Configuration.Json": "9.0.7",
          "Serilog": "4.2.0"
        }
      },
      "NETStandard.Library": {
        "type": "Transitive",
        "resolved": "1.6.1",
        "contentHash": "WcSp3+vP+yHNgS8EV5J7pZ9IRpeDuARBPN28by8zqff1wJQXm26PVU8L3/fYLBJVU7BtDyqNVWq2KlCVvSSR4A==",
        "dependencies": {
          "Microsoft.NETCore.Platforms": "1.1.0"
        }
      },
      "Newtonsoft.Json": {
        "type": "Transitive",
        "resolved": "13.0.1",
        "contentHash": "ppPFpBcvxdsfUonNcvITKqLl3bqxWbDCZIzDWHzjpdAHRFfZe0Dw9HmA0+za13IdyrgJwpkDTDA9fHaxOrt20A=="
      },
      "OneOf": {
        "type": "Transitive",
        "resolved": "3.0.163",
        "contentHash": "qCOglhmLghfPOoPlOR+WhF7HwEAenN+s87aBl/iGfmjqjkdtBvXg/mAGY44t8GbS0zsuJchxW3QYqYJQ3HyjLw==",
        "dependencies": {
          "NETStandard.Library": "1.6.1"
        }
      },
      "Serilog.Enrichers.Thread": {
        "type": "Transitive",
        "resolved": "4.0.0",
        "contentHash": "C7BK25a1rhUyr+Tp+1BYcVlBJq7M2VCHlIgnwoIUVJcicM9jYcvQK18+OeHiXw7uLPSjqWxJIp1EfaZ/RGmEwA==",
        "dependencies": {
          "Serilog": "4.0.0"
        }
      },
      "Serilog.Settings.Configuration": {
        "type": "Transitive",
        "resolved": "9.0.0",
        "contentHash": "4/Et4Cqwa+F88l5SeFeNZ4c4Z6dEAIKbu3MaQb2Zz9F/g27T5a3wvfMcmCOaAiACjfUb4A6wrlTVfyYUZk3RRQ==",
        "dependencies": {
          "Microsoft.Extensions.Configuration.Binder": "9.0.0",
          "Microsoft.Extensions.DependencyModel": "9.0.0",
          "Serilog": "4.2.0"
        }
      },
      "Serilog.Sinks.File": {
        "type": "Transitive",
        "resolved": "6.0.0",
        "contentHash": "lxjg89Y8gJMmFxVkbZ+qDgjl+T4yC5F7WSLTvA+5q0R04tfKVLRL/EHpYoJ/MEQd2EeCKDuylBIVnAYMotmh2A==",
        "dependencies": {
          "Serilog": "4.0.0"
        }
      },
      "Serilog.Sinks.SpectreConsole": {
        "type": "Transitive",
        "resolved": "0.3.3",
        "contentHash": "Lw3CBuJQ+HY4Pso3km7isrDXdmLpwZ5sgt1SXr5v6UEkO2hsSP4iHIXvLKbCgJyvUyxikVn0iFQMj4eGfl4/TA==",
        "dependencies": {
          "FSharp.Core": "6.0.5",
          "Serilog": "2.10.0",
          "Spectre.Console": "0.45.0"
        }
      },
      "Spectre.Console": {
        "type": "Transitive",
        "resolved": "0.45.0",
        "contentHash": "e//13o8/BCrWmwN26eJ4zCzD2iq7iUlqQd+nDI9nJUdnJ/rYAanYiNFZZ7YHwlv48IKuKtRYYP6/wPt1DG67ww=="
      },
      "System.CommandLine": {
        "type": "Transitive",
        "resolved": "2.0.7",
        "contentHash": "ih4yNLLF2Ebz85xJJBaPeddLa4d1AekYId7Y1g8oSsEaBHHd/CtyeBJ+tDvQadqeXz7i591K5ry/td+4aaHnQA=="
      },
      "System.Reactive": {
        "type": "Transitive",
        "resolved": "6.0.1",
        "contentHash": "rHaWtKDwCi9qJ3ObKo8LHPMuuwv33YbmQi7TcUK1C264V3MFnOr5Im7QgCTdLniztP3GJyeiSg5x8NqYJFqRmg=="
      },
      "xunit.abstractions": {
        "type": "Transitive",
        "resolved": "2.0.3",
        "contentHash": "pot1I4YOxlWjIb5jmwvvQNbTrZ3lJQ+jUGkGjWE3hEFM0l5gOnBWS+H3qsex68s5cO52g+44vpGzhAt+42vwKg=="
      },
      "xunit.analyzers": {
        "type": "Transitive",
        "resolved": "1.16.0",
        "contentHash": "hptYM7vGr46GUIgZt21YHO4rfuBAQS2eINbFo16CV/Dqq+24Tp+P5gDCACu1AbFfW4Sp/WRfDPSK8fmUUb8s0Q=="
      },
      "xunit.assert": {
        "type": "Transitive",
        "resolved": "2.9.2",
        "contentHash": "QkNBAQG4pa66cholm28AxijBjrmki98/vsEh4Sx5iplzotvPgpiotcxqJQMRC8d7RV7nIT8ozh97957hDnZwsQ=="
      },
      "xunit.core": {
        "type": "Transitive",
        "resolved": "2.9.2",
        "contentHash": "O6RrNSdmZ0xgEn5kT927PNwog5vxTtKrWMihhhrT0Sg9jQ7iBDciYOwzBgP2krBEk5/GBXI18R1lKvmnxGcb4w==",
        "dependencies": {
          "xunit.extensibility.core": "[2.9.2]",
          "xunit.extensibility.execution": "[2.9.2]"
        }
      },
      "xunit.extensibility.core": {
        "type": "Transitive",
        "resolved": "2.9.2",
        "contentHash": "Ol+KlBJz1x8BrdnhN2DeOuLrr1I/cTwtHCggL9BvYqFuVd/TUSzxNT5O0NxCIXth30bsKxgMfdqLTcORtM52yQ==",
        "dependencies": {
          "xunit.abstractions": "2.0.3"
        }
      },
      "xunit.extensibility.execution": {
        "type": "Transitive",
        "resolved": "2.9.2",
        "contentHash": "rKMpq4GsIUIJibXuZoZ8lYp5EpROlnYaRpwu9Zr0sRZXE7JqJfEEbCsUriZqB+ByXCLFBJyjkTRULMdC+U566g==",
        "dependencies": {
          "xunit.extensibility.core": "[2.9.2]"
        }
      },
      "ZSpitz.Util": {
        "type": "Transitive",
        "resolved": "0.1.113",
        "contentHash": "yZw1JiuhHaTnIYZorQdnn0gCOzdZBmbVudatAOFtT0IqEF3YV5q0pNN6/K9ikpA1Yy1KjmhoGWbhvOf4UMNdPA==",
        "dependencies": {
          "OneOf": "3.0.163"
        }
      },
      "Microsoft.Extensions.Configuration.Abstractions": {
        "type": "CentralTransitive",
        "requested": "[10.0.7, )",
        "resolved": "10.0.7",
        "contentHash": "t56nEgvECcyLPojZIUFWJknQQDAbgfTf9J+QMYJE1YYvVgz69vN6B/AKL8Grvj3Lcnp8kTpNqwmwFhb3YLJmtQ==",
        "dependencies": {
          "Microsoft.Extensions.Primitives": "10.0.7"
        }
      },
      "Serilog": {
        "type": "CentralTransitive",
        "requested": "[4.3.0, )",
        "resolved": "4.3.0",
        "contentHash": "+cDryFR0GRhsGOnZSKwaDzRRl4MupvJ42FhCE4zhQRVanX0Jpg6WuCBk59OVhVDPmab1bB+nRykAnykYELA9qQ=="
      },
      "Serilog.Enrichers.Environment": {
        "type": "CentralTransitive",
        "requested": "[3.0.1, )",
        "resolved": "3.0.1",
        "contentHash": "9BqCE4C9FF+/rJb/CsQwe7oVf44xqkOvMwX//CUxvUR25lFL4tSS6iuxE5eW07quby1BAyAEP+vM6TWsnT3iqw==",
        "dependencies": {
          "Serilog": "4.0.0"
        }
      }
    }
  }
}